{
    "version": 3,
    "terraform_version": "0.11.3",
    "serial": 14,
    "lineage": "ceaf2740-66bd-40d6-a351-8407e41a2d5f",
    "modules": [
        {
            "path": [
                "root"
            ],
            "outputs": {},
            "resources": {
                "openstack_blockstorage_volume_v2.openstack": {
                    "type": "openstack_blockstorage_volume_v2",
                    "depends_on": [],
                    "primary": {
                        "id": "f0ecb3e7-883f-4a9f-b8a8-aa85e3d16f5d",
                        "attributes": {
                            "attachment.#": "0",
                            "availability_zone": "nova",
                            "description": "Volume create by terraform",
                            "id": "f0ecb3e7-883f-4a9f-b8a8-aa85e3d16f5d",
                            "metadata.%": "0",
                            "name": "openstack",
                            "region": "RegionOne",
                            "size": "5",
                            "snapshot_id": "",
                            "source_vol_id": "",
                            "volume_type": ""
                        },
                        "meta": {
                            "e2bfb730-ecaa-11e6-8f88-34363bc7c4c0": {
                                "create": 600000000000,
                                "delete": 600000000000
                            }
                        },
                        "tainted": false
                    },
                    "deposed": [],
                    "provider": "provider.openstack"
                },
                "openstack_compute_floatingip_associate_v2.fip_1": {
                    "type": "openstack_compute_floatingip_associate_v2",
                    "depends_on": [
                        "openstack_compute_instance_v2.orbit"
                    ],
                    "primary": {
                        "id": "172.22.201.108/d83fa3b7-6068-4034-b1e3-3cc42ab5476e/",
                        "attributes": {
                            "fixed_ip": "",
                            "floating_ip": "172.22.201.108",
                            "id": "172.22.201.108/d83fa3b7-6068-4034-b1e3-3cc42ab5476e/",
                            "instance_id": "d83fa3b7-6068-4034-b1e3-3cc42ab5476e",
                            "region": "RegionOne"
                        },
                        "meta": {},
                        "tainted": false
                    },
                    "deposed": [],
                    "provider": "provider.openstack"
                },
                "openstack_compute_floatingip_associate_v2.fip_2": {
                    "type": "openstack_compute_floatingip_associate_v2",
                    "depends_on": [
                        "openstack_compute_instance_v2.mint"
                    ],
                    "primary": {
                        "id": "172.22.201.111/b3f55524-c53f-4535-b0a0-e950852c413e/",
                        "attributes": {
                            "fixed_ip": "",
                            "floating_ip": "172.22.201.111",
                            "id": "172.22.201.111/b3f55524-c53f-4535-b0a0-e950852c413e/",
                            "instance_id": "b3f55524-c53f-4535-b0a0-e950852c413e",
                            "region": "RegionOne"
                        },
                        "meta": {},
                        "tainted": false
                    },
                    "deposed": [],
                    "provider": "provider.openstack"
                },
                "openstack_compute_instance_v2.mint": {
                    "type": "openstack_compute_instance_v2",
                    "depends_on": [
                        "openstack_compute_secgroup_v2.openstack-secgroup",
                        "openstack_networking_port_v2.mint_port"
                    ],
                    "primary": {
                        "id": "b3f55524-c53f-4535-b0a0-e950852c413e",
                        "attributes": {
                            "access_ip_v4": "10.0.0.13",
                            "access_ip_v6": "",
                            "all_metadata.%": "0",
                            "availability_zone": "nova",
                            "flavor_id": "44",
                            "flavor_name": "ssd.medium",
                            "force_delete": "false",
                            "id": "b3f55524-c53f-4535-b0a0-e950852c413e",
                            "image_id": "f67e34fb-108d-4418-9a49-4a2dbde5a8f1",
                            "image_name": "Debian Stretch 9.1",
                            "key_pair": "id_rsa",
                            "name": "mint",
                            "network.#": "2",
                            "network.0.access_network": "false",
                            "network.0.fixed_ip_v4": "10.0.0.13",
                            "network.0.fixed_ip_v6": "",
                            "network.0.floating_ip": "",
                            "network.0.mac": "fa:16:3e:27:5d:7a",
                            "network.0.name": "red de sergio.ferrete",
                            "network.0.port": "",
                            "network.0.uuid": "0276f065-e76f-4ad9-9826-5c3f01375492",
                            "network.1.access_network": "false",
                            "network.1.fixed_ip_v4": "192.168.200.20",
                            "network.1.fixed_ip_v6": "",
                            "network.1.floating_ip": "",
                            "network.1.mac": "fa:16:3e:46:70:e4",
                            "network.1.name": "interna-openstack",
                            "network.1.port": "481f3177-ca78-48df-a82c-fcd6c0708458",
                            "network.1.uuid": "53f13917-71a3-4fe9-ac09-fbc8470ece66",
                            "region": "RegionOne",
                            "security_groups.#": "2",
                            "security_groups.2776189524": "openstack",
                            "security_groups.3814588639": "default",
                            "stop_before_destroy": "false"
                        },
                        "meta": {
                            "e2bfb730-ecaa-11e6-8f88-34363bc7c4c0": {
                                "create": 1800000000000,
                                "delete": 1800000000000,
                                "update": 1800000000000
                            }
                        },
                        "tainted": false
                    },
                    "deposed": [],
                    "provider": "provider.openstack"
                },
                "openstack_compute_instance_v2.orbit": {
                    "type": "openstack_compute_instance_v2",
                    "depends_on": [
                        "openstack_compute_secgroup_v2.openstack-secgroup",
                        "openstack_networking_port_v2.orbit_port"
                    ],
                    "primary": {
                        "id": "d83fa3b7-6068-4034-b1e3-3cc42ab5476e",
                        "attributes": {
                            "access_ip_v4": "10.0.0.17",
                            "access_ip_v6": "",
                            "all_metadata.%": "0",
                            "availability_zone": "nova",
                            "flavor_id": "45",
                            "flavor_name": "ssd.large",
                            "force_delete": "false",
                            "id": "d83fa3b7-6068-4034-b1e3-3cc42ab5476e",
                            "image_id": "f67e34fb-108d-4418-9a49-4a2dbde5a8f1",
                            "image_name": "Debian Stretch 9.1",
                            "key_pair": "id_rsa",
                            "name": "orbit",
                            "network.#": "2",
                            "network.0.access_network": "false",
                            "network.0.fixed_ip_v4": "10.0.0.17",
                            "network.0.fixed_ip_v6": "",
                            "network.0.floating_ip": "",
                            "network.0.mac": "fa:16:3e:59:8d:28",
                            "network.0.name": "red de sergio.ferrete",
                            "network.0.port": "",
                            "network.0.uuid": "0276f065-e76f-4ad9-9826-5c3f01375492",
                            "network.1.access_network": "false",
                            "network.1.fixed_ip_v4": "192.168.200.10",
                            "network.1.fixed_ip_v6": "",
                            "network.1.floating_ip": "",
                            "network.1.mac": "fa:16:3e:eb:5d:2f",
                            "network.1.name": "interna-openstack",
                            "network.1.port": "600c33f7-3dc1-461a-b203-c5cbc1380d55",
                            "network.1.uuid": "53f13917-71a3-4fe9-ac09-fbc8470ece66",
                            "region": "RegionOne",
                            "security_groups.#": "2",
                            "security_groups.2776189524": "openstack",
                            "security_groups.3814588639": "default",
                            "stop_before_destroy": "false"
                        },
                        "meta": {
                            "e2bfb730-ecaa-11e6-8f88-34363bc7c4c0": {
                                "create": 1800000000000,
                                "delete": 1800000000000,
                                "update": 1800000000000
                            }
                        },
                        "tainted": false
                    },
                    "deposed": [],
                    "provider": "provider.openstack"
                },
                "openstack_compute_secgroup_v2.openstack-secgroup": {
                    "type": "openstack_compute_secgroup_v2",
                    "depends_on": [],
                    "primary": {
                        "id": "5827f13a-ddac-470c-bc77-d92d1dd1d4fe",
                        "attributes": {
                            "description": "Sec Group for openstack deployment",
                            "id": "5827f13a-ddac-470c-bc77-d92d1dd1d4fe",
                            "name": "openstack",
                            "region": "RegionOne",
                            "rule.#": "1",
                            "rule.836640770.cidr": "0.0.0.0/0",
                            "rule.836640770.from_group_id": "",
                            "rule.836640770.from_port": "22",
                            "rule.836640770.id": "43926439-1e36-4910-a4c9-b16e14c02561",
                            "rule.836640770.ip_protocol": "tcp",
                            "rule.836640770.self": "false",
                            "rule.836640770.to_port": "22"
                        },
                        "meta": {
                            "e2bfb730-ecaa-11e6-8f88-34363bc7c4c0": {
                                "delete": 600000000000
                            }
                        },
                        "tainted": false
                    },
                    "deposed": [],
                    "provider": "provider.openstack"
                },
                "openstack_compute_volume_attach_v2.attachedtorobit": {
                    "type": "openstack_compute_volume_attach_v2",
                    "depends_on": [
                        "openstack_blockstorage_volume_v2.openstack",
                        "openstack_compute_instance_v2.orbit"
                    ],
                    "primary": {
                        "id": "d83fa3b7-6068-4034-b1e3-3cc42ab5476e/f0ecb3e7-883f-4a9f-b8a8-aa85e3d16f5d",
                        "attributes": {
                            "device": "/dev/vdb",
                            "id": "d83fa3b7-6068-4034-b1e3-3cc42ab5476e/f0ecb3e7-883f-4a9f-b8a8-aa85e3d16f5d",
                            "instance_id": "d83fa3b7-6068-4034-b1e3-3cc42ab5476e",
                            "region": "RegionOne",
                            "volume_id": "f0ecb3e7-883f-4a9f-b8a8-aa85e3d16f5d"
                        },
                        "meta": {
                            "e2bfb730-ecaa-11e6-8f88-34363bc7c4c0": {
                                "create": 600000000000,
                                "delete": 600000000000
                            }
                        },
                        "tainted": false
                    },
                    "deposed": [],
                    "provider": "provider.openstack"
                },
                "openstack_networking_network_v2.interna-openstack": {
                    "type": "openstack_networking_network_v2",
                    "depends_on": [],
                    "primary": {
                        "id": "53f13917-71a3-4fe9-ac09-fbc8470ece66",
                        "attributes": {
                            "admin_state_up": "true",
                            "availability_zone_hints.#": "0",
                            "id": "53f13917-71a3-4fe9-ac09-fbc8470ece66",
                            "name": "interna-openstack",
                            "region": "RegionOne",
                            "shared": "false",
                            "tenant_id": "1b06396c3f8340fe9e3e9d62d35c9b01"
                        },
                        "meta": {
                            "e2bfb730-ecaa-11e6-8f88-34363bc7c4c0": {
                                "create": 600000000000,
                                "delete": 600000000000
                            }
                        },
                        "tainted": false
                    },
                    "deposed": [],
                    "provider": "provider.openstack"
                },
                "openstack_networking_port_v2.mint_port": {
                    "type": "openstack_networking_port_v2",
                    "depends_on": [
                        "openstack_compute_secgroup_v2.openstack-secgroup",
                        "openstack_networking_network_v2.interna-openstack",
                        "openstack_networking_subnet_v2.subnet-openstack"
                    ],
                    "primary": {
                        "id": "481f3177-ca78-48df-a82c-fcd6c0708458",
                        "attributes": {
                            "admin_state_up": "true",
                            "all_fixed_ips.#": "1",
                            "all_fixed_ips.0": "192.168.200.20",
                            "all_security_group_ids.#": "1",
                            "all_security_group_ids.1789570116": "5827f13a-ddac-470c-bc77-d92d1dd1d4fe",
                            "allowed_address_pairs.#": "0",
                            "device_id": "",
                            "device_owner": "",
                            "fixed_ip.#": "1",
                            "fixed_ip.0.ip_address": "192.168.200.20",
                            "fixed_ip.0.subnet_id": "50b23185-225f-4920-9464-b9e1ec3da436",
                            "id": "481f3177-ca78-48df-a82c-fcd6c0708458",
                            "mac_address": "fa:16:3e:46:70:e4",
                            "name": "",
                            "network_id": "53f13917-71a3-4fe9-ac09-fbc8470ece66",
                            "region": "RegionOne",
                            "security_group_ids.#": "1",
                            "security_group_ids.1789570116": "5827f13a-ddac-470c-bc77-d92d1dd1d4fe",
                            "tenant_id": "1b06396c3f8340fe9e3e9d62d35c9b01"
                        },
                        "meta": {
                            "e2bfb730-ecaa-11e6-8f88-34363bc7c4c0": {
                                "create": 600000000000,
                                "delete": 600000000000
                            }
                        },
                        "tainted": false
                    },
                    "deposed": [],
                    "provider": "provider.openstack"
                },
                "openstack_networking_port_v2.orbit_port": {
                    "type": "openstack_networking_port_v2",
                    "depends_on": [
                        "openstack_compute_secgroup_v2.openstack-secgroup",
                        "openstack_networking_network_v2.interna-openstack",
                        "openstack_networking_subnet_v2.subnet-openstack"
                    ],
                    "primary": {
                        "id": "600c33f7-3dc1-461a-b203-c5cbc1380d55",
                        "attributes": {
                            "admin_state_up": "true",
                            "all_fixed_ips.#": "1",
                            "all_fixed_ips.0": "192.168.200.10",
                            "all_security_group_ids.#": "1",
                            "all_security_group_ids.1789570116": "5827f13a-ddac-470c-bc77-d92d1dd1d4fe",
                            "allowed_address_pairs.#": "0",
                            "device_id": "",
                            "device_owner": "",
                            "fixed_ip.#": "1",
                            "fixed_ip.0.ip_address": "192.168.200.10",
                            "fixed_ip.0.subnet_id": "50b23185-225f-4920-9464-b9e1ec3da436",
                            "id": "600c33f7-3dc1-461a-b203-c5cbc1380d55",
                            "mac_address": "fa:16:3e:eb:5d:2f",
                            "name": "",
                            "network_id": "53f13917-71a3-4fe9-ac09-fbc8470ece66",
                            "region": "RegionOne",
                            "security_group_ids.#": "1",
                            "security_group_ids.1789570116": "5827f13a-ddac-470c-bc77-d92d1dd1d4fe",
                            "tenant_id": "1b06396c3f8340fe9e3e9d62d35c9b01"
                        },
                        "meta": {
                            "e2bfb730-ecaa-11e6-8f88-34363bc7c4c0": {
                                "create": 600000000000,
                                "delete": 600000000000
                            }
                        },
                        "tainted": false
                    },
                    "deposed": [],
                    "provider": "provider.openstack"
                },
                "openstack_networking_secgroup_rule_v2.permit-local-trafic": {
                    "type": "openstack_networking_secgroup_rule_v2",
                    "depends_on": [
                        "openstack_compute_secgroup_v2.openstack-secgroup"
                    ],
                    "primary": {
                        "id": "093d7f33-0f23-40bf-900f-52ca6653f50b",
                        "attributes": {
                            "direction": "ingress",
                            "ethertype": "IPv4",
                            "id": "093d7f33-0f23-40bf-900f-52ca6653f50b",
                            "port_range_max": "0",
                            "port_range_min": "0",
                            "protocol": "",
                            "region": "RegionOne",
                            "remote_group_id": "5827f13a-ddac-470c-bc77-d92d1dd1d4fe",
                            "remote_ip_prefix": "",
                            "security_group_id": "5827f13a-ddac-470c-bc77-d92d1dd1d4fe",
                            "tenant_id": "1b06396c3f8340fe9e3e9d62d35c9b01"
                        },
                        "meta": {
                            "e2bfb730-ecaa-11e6-8f88-34363bc7c4c0": {
                                "delete": 600000000000
                            }
                        },
                        "tainted": false
                    },
                    "deposed": [],
                    "provider": "provider.openstack"
                },
                "openstack_networking_subnet_v2.subnet-openstack": {
                    "type": "openstack_networking_subnet_v2",
                    "depends_on": [
                        "openstack_networking_network_v2.interna-openstack"
                    ],
                    "primary": {
                        "id": "50b23185-225f-4920-9464-b9e1ec3da436",
                        "attributes": {
                            "allocation_pools.#": "1",
                            "allocation_pools.0.end": "192.168.200.254",
                            "allocation_pools.0.start": "192.168.200.2",
                            "cidr": "192.168.200.0/24",
                            "dns_nameservers.#": "0",
                            "enable_dhcp": "true",
                            "gateway_ip": "192.168.200.1",
                            "host_routes.#": "0",
                            "id": "50b23185-225f-4920-9464-b9e1ec3da436",
                            "ip_version": "4",
                            "ipv6_address_mode": "",
                            "ipv6_ra_mode": "",
                            "name": "subnet-openstack",
                            "network_id": "53f13917-71a3-4fe9-ac09-fbc8470ece66",
                            "no_gateway": "false",
                            "region": "RegionOne",
                            "tenant_id": "1b06396c3f8340fe9e3e9d62d35c9b01"
                        },
                        "meta": {
                            "e2bfb730-ecaa-11e6-8f88-34363bc7c4c0": {
                                "create": 600000000000,
                                "delete": 600000000000
                            }
                        },
                        "tainted": false
                    },
                    "deposed": [],
                    "provider": "provider.openstack"
                }
            },
            "depends_on": []
        }
    ]
}
