{
    "version": 3,
    "terraform_version": "0.11.3",
    "serial": 20,
    "lineage": "ceaf2740-66bd-40d6-a351-8407e41a2d5f",
    "modules": [
        {
            "path": [
                "root"
            ],
            "outputs": {},
            "resources": {
                "openstack_blockstorage_volume_v2.openstack": {
                    "type": "openstack_blockstorage_volume_v2",
                    "depends_on": [],
                    "primary": {
                        "id": "9b675a31-7f28-4aec-a5af-0d1be8d49521",
                        "attributes": {
                            "attachment.#": "0",
                            "availability_zone": "nova",
                            "description": "Volume create by terraform",
                            "id": "9b675a31-7f28-4aec-a5af-0d1be8d49521",
                            "metadata.%": "0",
                            "name": "openstack",
                            "region": "RegionOne",
                            "size": "5",
                            "snapshot_id": "",
                            "source_vol_id": "",
                            "volume_type": ""
                        },
                        "meta": {
                            "e2bfb730-ecaa-11e6-8f88-34363bc7c4c0": {
                                "create": 600000000000,
                                "delete": 600000000000
                            }
                        },
                        "tainted": false
                    },
                    "deposed": [],
                    "provider": "provider.openstack"
                },
                "openstack_compute_floatingip_associate_v2.fip_1": {
                    "type": "openstack_compute_floatingip_associate_v2",
                    "depends_on": [
                        "openstack_compute_instance_v2.orbit"
                    ],
                    "primary": {
                        "id": "172.22.201.108/f44fe4bf-54a8-436f-922f-d02bc99e90d8/",
                        "attributes": {
                            "fixed_ip": "",
                            "floating_ip": "172.22.201.108",
                            "id": "172.22.201.108/f44fe4bf-54a8-436f-922f-d02bc99e90d8/",
                            "instance_id": "f44fe4bf-54a8-436f-922f-d02bc99e90d8",
                            "region": "RegionOne"
                        },
                        "meta": {},
                        "tainted": false
                    },
                    "deposed": [],
                    "provider": "provider.openstack"
                },
                "openstack_compute_floatingip_associate_v2.fip_2": {
                    "type": "openstack_compute_floatingip_associate_v2",
                    "depends_on": [
                        "openstack_compute_instance_v2.mint"
                    ],
                    "primary": {
                        "id": "172.22.201.111/9fda433b-cbd1-4b5f-9b36-d8c927534937/",
                        "attributes": {
                            "fixed_ip": "",
                            "floating_ip": "172.22.201.111",
                            "id": "172.22.201.111/9fda433b-cbd1-4b5f-9b36-d8c927534937/",
                            "instance_id": "9fda433b-cbd1-4b5f-9b36-d8c927534937",
                            "region": "RegionOne"
                        },
                        "meta": {},
                        "tainted": false
                    },
                    "deposed": [],
                    "provider": "provider.openstack"
                },
                "openstack_compute_floatingip_associate_v2.fip_3": {
                    "type": "openstack_compute_floatingip_associate_v2",
                    "depends_on": [
                        "openstack_compute_instance_v2.boomer"
                    ],
                    "primary": {
                        "id": "172.22.200.207/f49117db-6b18-40c6-afd5-81c7c01ff40b/",
                        "attributes": {
                            "fixed_ip": "",
                            "floating_ip": "172.22.200.207",
                            "id": "172.22.200.207/f49117db-6b18-40c6-afd5-81c7c01ff40b/",
                            "instance_id": "f49117db-6b18-40c6-afd5-81c7c01ff40b",
                            "region": "RegionOne"
                        },
                        "meta": {},
                        "tainted": false
                    },
                    "deposed": [],
                    "provider": "provider.openstack"
                },
                "openstack_compute_instance_v2.boomer": {
                    "type": "openstack_compute_instance_v2",
                    "depends_on": [
                        "openstack_compute_secgroup_v2.openstack-secgroup",
                        "openstack_networking_port_v2.boomer_port"
                    ],
                    "primary": {
                        "id": "f49117db-6b18-40c6-afd5-81c7c01ff40b",
                        "attributes": {
                            "access_ip_v4": "10.0.0.11",
                            "access_ip_v6": "",
                            "all_metadata.%": "0",
                            "availability_zone": "nova",
                            "flavor_id": "11",
                            "flavor_name": "m1.micro",
                            "force_delete": "false",
                            "id": "f49117db-6b18-40c6-afd5-81c7c01ff40b",
                            "image_id": "0dc7dc47-d3b6-43fa-ba67-0d3242f948f3",
                            "image_name": "Ubuntu Xenial - 16.04",
                            "key_pair": "id_rsa",
                            "name": "boomer",
                            "network.#": "2",
                            "network.0.access_network": "false",
                            "network.0.fixed_ip_v4": "10.0.0.11",
                            "network.0.fixed_ip_v6": "",
                            "network.0.floating_ip": "",
                            "network.0.mac": "fa:16:3e:7b:8f:20",
                            "network.0.name": "red de sergio.ferrete",
                            "network.0.port": "",
                            "network.0.uuid": "0276f065-e76f-4ad9-9826-5c3f01375492",
                            "network.1.access_network": "false",
                            "network.1.fixed_ip_v4": "192.168.200.5",
                            "network.1.fixed_ip_v6": "",
                            "network.1.floating_ip": "",
                            "network.1.mac": "fa:16:3e:f1:33:95",
                            "network.1.name": "interna-openstack",
                            "network.1.port": "9c11d78b-a8c4-4667-be8e-b035ccbceebe",
                            "network.1.uuid": "87e79a25-01aa-48e4-aae9-3eb879288822",
                            "region": "RegionOne",
                            "security_groups.#": "2",
                            "security_groups.2776189524": "openstack",
                            "security_groups.3814588639": "default",
                            "stop_before_destroy": "false"
                        },
                        "meta": {
                            "e2bfb730-ecaa-11e6-8f88-34363bc7c4c0": {
                                "create": 1800000000000,
                                "delete": 1800000000000,
                                "update": 1800000000000
                            }
                        },
                        "tainted": false
                    },
                    "deposed": [],
                    "provider": "provider.openstack"
                },
                "openstack_compute_instance_v2.mint": {
                    "type": "openstack_compute_instance_v2",
                    "depends_on": [
                        "openstack_compute_secgroup_v2.openstack-secgroup",
                        "openstack_networking_port_v2.mint_port"
                    ],
                    "primary": {
                        "id": "9fda433b-cbd1-4b5f-9b36-d8c927534937",
                        "attributes": {
                            "access_ip_v4": "10.0.0.9",
                            "access_ip_v6": "",
                            "all_metadata.%": "0",
                            "availability_zone": "nova",
                            "flavor_id": "44",
                            "flavor_name": "ssd.medium",
                            "force_delete": "false",
                            "id": "9fda433b-cbd1-4b5f-9b36-d8c927534937",
                            "image_id": "0dc7dc47-d3b6-43fa-ba67-0d3242f948f3",
                            "image_name": "Ubuntu Xenial - 16.04",
                            "key_pair": "id_rsa",
                            "name": "mint",
                            "network.#": "2",
                            "network.0.access_network": "false",
                            "network.0.fixed_ip_v4": "10.0.0.9",
                            "network.0.fixed_ip_v6": "",
                            "network.0.floating_ip": "",
                            "network.0.mac": "fa:16:3e:66:42:01",
                            "network.0.name": "red de sergio.ferrete",
                            "network.0.port": "",
                            "network.0.uuid": "0276f065-e76f-4ad9-9826-5c3f01375492",
                            "network.1.access_network": "false",
                            "network.1.fixed_ip_v4": "192.168.200.20",
                            "network.1.fixed_ip_v6": "",
                            "network.1.floating_ip": "",
                            "network.1.mac": "fa:16:3e:b6:51:ef",
                            "network.1.name": "interna-openstack",
                            "network.1.port": "48097b5e-185a-4e57-8f33-0390e942ffd5",
                            "network.1.uuid": "87e79a25-01aa-48e4-aae9-3eb879288822",
                            "region": "RegionOne",
                            "security_groups.#": "2",
                            "security_groups.2776189524": "openstack",
                            "security_groups.3814588639": "default",
                            "stop_before_destroy": "false"
                        },
                        "meta": {
                            "e2bfb730-ecaa-11e6-8f88-34363bc7c4c0": {
                                "create": 1800000000000,
                                "delete": 1800000000000,
                                "update": 1800000000000
                            }
                        },
                        "tainted": false
                    },
                    "deposed": [],
                    "provider": "provider.openstack"
                },
                "openstack_compute_instance_v2.orbit": {
                    "type": "openstack_compute_instance_v2",
                    "depends_on": [
                        "openstack_compute_secgroup_v2.openstack-secgroup",
                        "openstack_networking_port_v2.orbit_port"
                    ],
                    "primary": {
                        "id": "f44fe4bf-54a8-436f-922f-d02bc99e90d8",
                        "attributes": {
                            "access_ip_v4": "10.0.0.10",
                            "access_ip_v6": "",
                            "all_metadata.%": "0",
                            "availability_zone": "nova",
                            "flavor_id": "45",
                            "flavor_name": "ssd.large",
                            "force_delete": "false",
                            "id": "f44fe4bf-54a8-436f-922f-d02bc99e90d8",
                            "image_id": "0dc7dc47-d3b6-43fa-ba67-0d3242f948f3",
                            "image_name": "Ubuntu Xenial - 16.04",
                            "key_pair": "id_rsa",
                            "name": "orbit",
                            "network.#": "2",
                            "network.0.access_network": "false",
                            "network.0.fixed_ip_v4": "10.0.0.10",
                            "network.0.fixed_ip_v6": "",
                            "network.0.floating_ip": "",
                            "network.0.mac": "fa:16:3e:b9:f7:e9",
                            "network.0.name": "red de sergio.ferrete",
                            "network.0.port": "",
                            "network.0.uuid": "0276f065-e76f-4ad9-9826-5c3f01375492",
                            "network.1.access_network": "false",
                            "network.1.fixed_ip_v4": "192.168.200.10",
                            "network.1.fixed_ip_v6": "",
                            "network.1.floating_ip": "",
                            "network.1.mac": "fa:16:3e:35:a8:29",
                            "network.1.name": "interna-openstack",
                            "network.1.port": "7631792e-2389-469c-9ab3-7157c3ff5e7e",
                            "network.1.uuid": "87e79a25-01aa-48e4-aae9-3eb879288822",
                            "region": "RegionOne",
                            "security_groups.#": "2",
                            "security_groups.2776189524": "openstack",
                            "security_groups.3814588639": "default",
                            "stop_before_destroy": "false"
                        },
                        "meta": {
                            "e2bfb730-ecaa-11e6-8f88-34363bc7c4c0": {
                                "create": 1800000000000,
                                "delete": 1800000000000,
                                "update": 1800000000000
                            }
                        },
                        "tainted": false
                    },
                    "deposed": [],
                    "provider": "provider.openstack"
                },
                "openstack_compute_secgroup_v2.openstack-secgroup": {
                    "type": "openstack_compute_secgroup_v2",
                    "depends_on": [],
                    "primary": {
                        "id": "eedadec9-3b65-45d0-8aca-22c21755dc8a",
                        "attributes": {
                            "description": "Sec Group for openstack deployment",
                            "id": "eedadec9-3b65-45d0-8aca-22c21755dc8a",
                            "name": "openstack",
                            "region": "RegionOne",
                            "rule.#": "1",
                            "rule.836640770.cidr": "0.0.0.0/0",
                            "rule.836640770.from_group_id": "",
                            "rule.836640770.from_port": "22",
                            "rule.836640770.id": "b2e36bd3-d228-4535-9d1f-26c38acb3a78",
                            "rule.836640770.ip_protocol": "tcp",
                            "rule.836640770.self": "false",
                            "rule.836640770.to_port": "22"
                        },
                        "meta": {
                            "e2bfb730-ecaa-11e6-8f88-34363bc7c4c0": {
                                "delete": 600000000000
                            }
                        },
                        "tainted": false
                    },
                    "deposed": [],
                    "provider": "provider.openstack"
                },
                "openstack_compute_volume_attach_v2.attachedtorobit": {
                    "type": "openstack_compute_volume_attach_v2",
                    "depends_on": [
                        "openstack_blockstorage_volume_v2.openstack",
                        "openstack_compute_instance_v2.orbit"
                    ],
                    "primary": {
                        "id": "f44fe4bf-54a8-436f-922f-d02bc99e90d8/9b675a31-7f28-4aec-a5af-0d1be8d49521",
                        "attributes": {
                            "device": "/dev/vdb",
                            "id": "f44fe4bf-54a8-436f-922f-d02bc99e90d8/9b675a31-7f28-4aec-a5af-0d1be8d49521",
                            "instance_id": "f44fe4bf-54a8-436f-922f-d02bc99e90d8",
                            "region": "RegionOne",
                            "volume_id": "9b675a31-7f28-4aec-a5af-0d1be8d49521"
                        },
                        "meta": {
                            "e2bfb730-ecaa-11e6-8f88-34363bc7c4c0": {
                                "create": 600000000000,
                                "delete": 600000000000
                            }
                        },
                        "tainted": false
                    },
                    "deposed": [],
                    "provider": "provider.openstack"
                },
                "openstack_networking_network_v2.interna-openstack": {
                    "type": "openstack_networking_network_v2",
                    "depends_on": [],
                    "primary": {
                        "id": "87e79a25-01aa-48e4-aae9-3eb879288822",
                        "attributes": {
                            "admin_state_up": "true",
                            "availability_zone_hints.#": "0",
                            "id": "87e79a25-01aa-48e4-aae9-3eb879288822",
                            "name": "interna-openstack",
                            "region": "RegionOne",
                            "shared": "false",
                            "tenant_id": "1b06396c3f8340fe9e3e9d62d35c9b01"
                        },
                        "meta": {
                            "e2bfb730-ecaa-11e6-8f88-34363bc7c4c0": {
                                "create": 600000000000,
                                "delete": 600000000000
                            }
                        },
                        "tainted": false
                    },
                    "deposed": [],
                    "provider": "provider.openstack"
                },
                "openstack_networking_port_v2.boomer_port": {
                    "type": "openstack_networking_port_v2",
                    "depends_on": [
                        "openstack_compute_secgroup_v2.openstack-secgroup",
                        "openstack_networking_network_v2.interna-openstack",
                        "openstack_networking_subnet_v2.subnet-openstack"
                    ],
                    "primary": {
                        "id": "9c11d78b-a8c4-4667-be8e-b035ccbceebe",
                        "attributes": {
                            "admin_state_up": "true",
                            "all_fixed_ips.#": "1",
                            "all_fixed_ips.0": "192.168.200.5",
                            "all_security_group_ids.#": "1",
                            "all_security_group_ids.576894203": "eedadec9-3b65-45d0-8aca-22c21755dc8a",
                            "allowed_address_pairs.#": "0",
                            "device_id": "",
                            "device_owner": "",
                            "fixed_ip.#": "1",
                            "fixed_ip.0.ip_address": "192.168.200.5",
                            "fixed_ip.0.subnet_id": "11a21195-ef80-4896-8219-3c0632c7bfd0",
                            "id": "9c11d78b-a8c4-4667-be8e-b035ccbceebe",
                            "mac_address": "fa:16:3e:f1:33:95",
                            "name": "",
                            "network_id": "87e79a25-01aa-48e4-aae9-3eb879288822",
                            "region": "RegionOne",
                            "security_group_ids.#": "1",
                            "security_group_ids.576894203": "eedadec9-3b65-45d0-8aca-22c21755dc8a",
                            "tenant_id": "1b06396c3f8340fe9e3e9d62d35c9b01"
                        },
                        "meta": {
                            "e2bfb730-ecaa-11e6-8f88-34363bc7c4c0": {
                                "create": 600000000000,
                                "delete": 600000000000
                            }
                        },
                        "tainted": false
                    },
                    "deposed": [],
                    "provider": "provider.openstack"
                },
                "openstack_networking_port_v2.mint_port": {
                    "type": "openstack_networking_port_v2",
                    "depends_on": [
                        "openstack_compute_secgroup_v2.openstack-secgroup",
                        "openstack_networking_network_v2.interna-openstack",
                        "openstack_networking_subnet_v2.subnet-openstack"
                    ],
                    "primary": {
                        "id": "48097b5e-185a-4e57-8f33-0390e942ffd5",
                        "attributes": {
                            "admin_state_up": "true",
                            "all_fixed_ips.#": "1",
                            "all_fixed_ips.0": "192.168.200.20",
                            "all_security_group_ids.#": "1",
                            "all_security_group_ids.576894203": "eedadec9-3b65-45d0-8aca-22c21755dc8a",
                            "allowed_address_pairs.#": "0",
                            "device_id": "",
                            "device_owner": "",
                            "fixed_ip.#": "1",
                            "fixed_ip.0.ip_address": "192.168.200.20",
                            "fixed_ip.0.subnet_id": "11a21195-ef80-4896-8219-3c0632c7bfd0",
                            "id": "48097b5e-185a-4e57-8f33-0390e942ffd5",
                            "mac_address": "fa:16:3e:b6:51:ef",
                            "name": "",
                            "network_id": "87e79a25-01aa-48e4-aae9-3eb879288822",
                            "region": "RegionOne",
                            "security_group_ids.#": "1",
                            "security_group_ids.576894203": "eedadec9-3b65-45d0-8aca-22c21755dc8a",
                            "tenant_id": "1b06396c3f8340fe9e3e9d62d35c9b01"
                        },
                        "meta": {
                            "e2bfb730-ecaa-11e6-8f88-34363bc7c4c0": {
                                "create": 600000000000,
                                "delete": 600000000000
                            }
                        },
                        "tainted": false
                    },
                    "deposed": [],
                    "provider": "provider.openstack"
                },
                "openstack_networking_port_v2.orbit_port": {
                    "type": "openstack_networking_port_v2",
                    "depends_on": [
                        "openstack_compute_secgroup_v2.openstack-secgroup",
                        "openstack_networking_network_v2.interna-openstack",
                        "openstack_networking_subnet_v2.subnet-openstack"
                    ],
                    "primary": {
                        "id": "7631792e-2389-469c-9ab3-7157c3ff5e7e",
                        "attributes": {
                            "admin_state_up": "true",
                            "all_fixed_ips.#": "1",
                            "all_fixed_ips.0": "192.168.200.10",
                            "all_security_group_ids.#": "1",
                            "all_security_group_ids.576894203": "eedadec9-3b65-45d0-8aca-22c21755dc8a",
                            "allowed_address_pairs.#": "0",
                            "device_id": "",
                            "device_owner": "",
                            "fixed_ip.#": "1",
                            "fixed_ip.0.ip_address": "192.168.200.10",
                            "fixed_ip.0.subnet_id": "11a21195-ef80-4896-8219-3c0632c7bfd0",
                            "id": "7631792e-2389-469c-9ab3-7157c3ff5e7e",
                            "mac_address": "fa:16:3e:35:a8:29",
                            "name": "",
                            "network_id": "87e79a25-01aa-48e4-aae9-3eb879288822",
                            "region": "RegionOne",
                            "security_group_ids.#": "1",
                            "security_group_ids.576894203": "eedadec9-3b65-45d0-8aca-22c21755dc8a",
                            "tenant_id": "1b06396c3f8340fe9e3e9d62d35c9b01"
                        },
                        "meta": {
                            "e2bfb730-ecaa-11e6-8f88-34363bc7c4c0": {
                                "create": 600000000000,
                                "delete": 600000000000
                            }
                        },
                        "tainted": false
                    },
                    "deposed": [],
                    "provider": "provider.openstack"
                },
                "openstack_networking_secgroup_rule_v2.permit-local-trafic": {
                    "type": "openstack_networking_secgroup_rule_v2",
                    "depends_on": [
                        "openstack_compute_secgroup_v2.openstack-secgroup"
                    ],
                    "primary": {
                        "id": "1e3653b8-4039-456c-abbf-66502934bf6b",
                        "attributes": {
                            "direction": "ingress",
                            "ethertype": "IPv4",
                            "id": "1e3653b8-4039-456c-abbf-66502934bf6b",
                            "port_range_max": "0",
                            "port_range_min": "0",
                            "protocol": "",
                            "region": "RegionOne",
                            "remote_group_id": "eedadec9-3b65-45d0-8aca-22c21755dc8a",
                            "remote_ip_prefix": "",
                            "security_group_id": "eedadec9-3b65-45d0-8aca-22c21755dc8a",
                            "tenant_id": "1b06396c3f8340fe9e3e9d62d35c9b01"
                        },
                        "meta": {
                            "e2bfb730-ecaa-11e6-8f88-34363bc7c4c0": {
                                "delete": 600000000000
                            }
                        },
                        "tainted": false
                    },
                    "deposed": [],
                    "provider": "provider.openstack"
                },
                "openstack_networking_subnet_v2.subnet-openstack": {
                    "type": "openstack_networking_subnet_v2",
                    "depends_on": [
                        "openstack_networking_network_v2.interna-openstack"
                    ],
                    "primary": {
                        "id": "11a21195-ef80-4896-8219-3c0632c7bfd0",
                        "attributes": {
                            "allocation_pools.#": "1",
                            "allocation_pools.0.end": "192.168.200.254",
                            "allocation_pools.0.start": "192.168.200.2",
                            "cidr": "192.168.200.0/24",
                            "dns_nameservers.#": "0",
                            "enable_dhcp": "true",
                            "gateway_ip": "192.168.200.1",
                            "host_routes.#": "0",
                            "id": "11a21195-ef80-4896-8219-3c0632c7bfd0",
                            "ip_version": "4",
                            "ipv6_address_mode": "",
                            "ipv6_ra_mode": "",
                            "name": "subnet-openstack",
                            "network_id": "87e79a25-01aa-48e4-aae9-3eb879288822",
                            "no_gateway": "false",
                            "region": "RegionOne",
                            "tenant_id": "1b06396c3f8340fe9e3e9d62d35c9b01"
                        },
                        "meta": {
                            "e2bfb730-ecaa-11e6-8f88-34363bc7c4c0": {
                                "create": 600000000000,
                                "delete": 600000000000
                            }
                        },
                        "tainted": false
                    },
                    "deposed": [],
                    "provider": "provider.openstack"
                }
            },
            "depends_on": []
        }
    ]
}
