{
    "version": 3,
    "terraform_version": "0.11.3",
    "serial": 8,
    "lineage": "2de2dcc7-bca8-40ae-a9eb-e26aa5259ae0",
    "modules": [
        {
            "path": [
                "root"
            ],
            "outputs": {},
            "resources": {
                "openstack_blockstorage_volume_v2.ceph_vol_1": {
                    "type": "openstack_blockstorage_volume_v2",
                    "depends_on": [],
                    "primary": {
                        "id": "66034f67-c744-4935-8a6a-e219740b4a9f",
                        "attributes": {
                            "attachment.#": "1",
                            "attachment.2740118417.device": "/dev/vdb",
                            "attachment.2740118417.id": "66034f67-c744-4935-8a6a-e219740b4a9f",
                            "attachment.2740118417.instance_id": "2d4c2f4f-4a8e-445e-80df-b04126dfc321",
                            "availability_zone": "nova",
                            "description": "Kolla-ansible ceph_vol_1",
                            "id": "66034f67-c744-4935-8a6a-e219740b4a9f",
                            "metadata.%": "2",
                            "metadata.attached_mode": "rw",
                            "metadata.readonly": "False",
                            "name": "ceph_vol_1",
                            "region": "RegionOne",
                            "size": "10",
                            "snapshot_id": "",
                            "source_vol_id": "",
                            "volume_type": ""
                        },
                        "meta": {
                            "e2bfb730-ecaa-11e6-8f88-34363bc7c4c0": {
                                "create": 600000000000,
                                "delete": 600000000000
                            }
                        },
                        "tainted": false
                    },
                    "deposed": [],
                    "provider": "provider.openstack"
                },
                "openstack_blockstorage_volume_v2.ceph_vol_2": {
                    "type": "openstack_blockstorage_volume_v2",
                    "depends_on": [],
                    "primary": {
                        "id": "cc13f49d-d747-4b05-b905-9af47dee4c1e",
                        "attributes": {
                            "attachment.#": "1",
                            "attachment.74367502.device": "/dev/vdb",
                            "attachment.74367502.id": "cc13f49d-d747-4b05-b905-9af47dee4c1e",
                            "attachment.74367502.instance_id": "87be2bd6-9cd2-472d-b985-f6e24ad0a40f",
                            "availability_zone": "nova",
                            "description": "Kolla-ansible ceph_vol_2",
                            "id": "cc13f49d-d747-4b05-b905-9af47dee4c1e",
                            "metadata.%": "2",
                            "metadata.attached_mode": "rw",
                            "metadata.readonly": "False",
                            "name": "ceph_vol_2",
                            "region": "RegionOne",
                            "size": "10",
                            "snapshot_id": "",
                            "source_vol_id": "",
                            "volume_type": ""
                        },
                        "meta": {
                            "e2bfb730-ecaa-11e6-8f88-34363bc7c4c0": {
                                "create": 600000000000,
                                "delete": 600000000000
                            }
                        },
                        "tainted": false
                    },
                    "deposed": [],
                    "provider": "provider.openstack"
                },
                "openstack_blockstorage_volume_v2.ceph_vol_3": {
                    "type": "openstack_blockstorage_volume_v2",
                    "depends_on": [],
                    "primary": {
                        "id": "e5911596-ecd8-4b76-aead-11a430ebf09c",
                        "attributes": {
                            "attachment.#": "0",
                            "availability_zone": "nova",
                            "description": "Kolla-ansible ceph_vol_3",
                            "id": "e5911596-ecd8-4b76-aead-11a430ebf09c",
                            "metadata.%": "1",
                            "metadata.readonly": "False",
                            "name": "ceph_vol_3",
                            "region": "RegionOne",
                            "size": "10",
                            "snapshot_id": "",
                            "source_vol_id": "",
                            "volume_type": ""
                        },
                        "meta": {
                            "e2bfb730-ecaa-11e6-8f88-34363bc7c4c0": {
                                "create": 600000000000,
                                "delete": 600000000000
                            }
                        },
                        "tainted": false
                    },
                    "deposed": [],
                    "provider": "provider.openstack"
                },
                "openstack_compute_floatingip_associate_v2.fip_1": {
                    "type": "openstack_compute_floatingip_associate_v2",
                    "depends_on": [
                        "openstack_compute_instance_v2.orbit"
                    ],
                    "primary": {
                        "id": "172.22.201.108/2d4c2f4f-4a8e-445e-80df-b04126dfc321/",
                        "attributes": {
                            "fixed_ip": "",
                            "floating_ip": "172.22.201.108",
                            "id": "172.22.201.108/2d4c2f4f-4a8e-445e-80df-b04126dfc321/",
                            "instance_id": "2d4c2f4f-4a8e-445e-80df-b04126dfc321",
                            "region": "RegionOne"
                        },
                        "meta": {},
                        "tainted": false
                    },
                    "deposed": [],
                    "provider": "provider.openstack"
                },
                "openstack_compute_floatingip_associate_v2.fip_2": {
                    "type": "openstack_compute_floatingip_associate_v2",
                    "depends_on": [
                        "openstack_compute_instance_v2.mint"
                    ],
                    "primary": {
                        "id": "172.22.201.111/3b79881a-7fee-45a2-915c-751ac6487541/",
                        "attributes": {
                            "fixed_ip": "",
                            "floating_ip": "172.22.201.111",
                            "id": "172.22.201.111/3b79881a-7fee-45a2-915c-751ac6487541/",
                            "instance_id": "3b79881a-7fee-45a2-915c-751ac6487541",
                            "region": "RegionOne"
                        },
                        "meta": {},
                        "tainted": false
                    },
                    "deposed": [],
                    "provider": "provider.openstack"
                },
                "openstack_compute_floatingip_associate_v2.fip_3": {
                    "type": "openstack_compute_floatingip_associate_v2",
                    "depends_on": [
                        "openstack_compute_instance_v2.boomer"
                    ],
                    "primary": {
                        "id": "172.22.200.207/87be2bd6-9cd2-472d-b985-f6e24ad0a40f/",
                        "attributes": {
                            "fixed_ip": "",
                            "floating_ip": "172.22.200.207",
                            "id": "172.22.200.207/87be2bd6-9cd2-472d-b985-f6e24ad0a40f/",
                            "instance_id": "87be2bd6-9cd2-472d-b985-f6e24ad0a40f",
                            "region": "RegionOne"
                        },
                        "meta": {},
                        "tainted": false
                    },
                    "deposed": [],
                    "provider": "provider.openstack"
                },
                "openstack_compute_instance_v2.boomer": {
                    "type": "openstack_compute_instance_v2",
                    "depends_on": [
                        "openstack_compute_secgroup_v2.openstack-secgroup",
                        "openstack_networking_port_v2.boomer_ext_port",
                        "openstack_networking_port_v2.boomer_int_port"
                    ],
                    "primary": {
                        "id": "87be2bd6-9cd2-472d-b985-f6e24ad0a40f",
                        "attributes": {
                            "access_ip_v4": "10.0.0.32",
                            "access_ip_v6": "",
                            "all_metadata.%": "0",
                            "availability_zone": "nova",
                            "flavor_id": "13",
                            "flavor_name": "m1.normal",
                            "force_delete": "false",
                            "id": "87be2bd6-9cd2-472d-b985-f6e24ad0a40f",
                            "image_id": "f67e34fb-108d-4418-9a49-4a2dbde5a8f1",
                            "image_name": "Debian Stretch 9.1",
                            "key_pair": "id_rsa",
                            "name": "boomer",
                            "network.#": "2",
                            "network.0.access_network": "false",
                            "network.0.fixed_ip_v4": "10.0.0.32",
                            "network.0.fixed_ip_v6": "",
                            "network.0.floating_ip": "",
                            "network.0.mac": "fa:16:3e:e8:ac:36",
                            "network.0.name": "red de sergio.ferrete",
                            "network.0.port": "3a12dbf7-1577-47d0-9ec1-c95b3043fd8b",
                            "network.0.uuid": "0276f065-e76f-4ad9-9826-5c3f01375492",
                            "network.1.access_network": "false",
                            "network.1.fixed_ip_v4": "192.168.200.5",
                            "network.1.fixed_ip_v6": "",
                            "network.1.floating_ip": "",
                            "network.1.mac": "fa:16:3e:06:31:bd",
                            "network.1.name": "interna-openstack",
                            "network.1.port": "e8195b77-907b-4418-b4b8-5f062e39492b",
                            "network.1.uuid": "aa3910fb-c0c4-49a7-921a-4559e6895473",
                            "region": "RegionOne",
                            "security_groups.#": "2",
                            "security_groups.2776189524": "openstack",
                            "security_groups.3814588639": "default",
                            "stop_before_destroy": "false"
                        },
                        "meta": {
                            "e2bfb730-ecaa-11e6-8f88-34363bc7c4c0": {
                                "create": 1800000000000,
                                "delete": 1800000000000,
                                "update": 1800000000000
                            }
                        },
                        "tainted": false
                    },
                    "deposed": [],
                    "provider": "provider.openstack"
                },
                "openstack_compute_instance_v2.mint": {
                    "type": "openstack_compute_instance_v2",
                    "depends_on": [
                        "openstack_compute_secgroup_v2.openstack-secgroup",
                        "openstack_networking_port_v2.mint_ext_port",
                        "openstack_networking_port_v2.mint_int_port"
                    ],
                    "primary": {
                        "id": "3b79881a-7fee-45a2-915c-751ac6487541",
                        "attributes": {
                            "access_ip_v4": "10.0.0.31",
                            "access_ip_v6": "",
                            "all_metadata.%": "0",
                            "availability_zone": "nova",
                            "flavor_id": "45",
                            "flavor_name": "ssd.large",
                            "force_delete": "false",
                            "id": "3b79881a-7fee-45a2-915c-751ac6487541",
                            "image_id": "f67e34fb-108d-4418-9a49-4a2dbde5a8f1",
                            "image_name": "Debian Stretch 9.1",
                            "key_pair": "id_rsa",
                            "name": "mint",
                            "network.#": "2",
                            "network.0.access_network": "false",
                            "network.0.fixed_ip_v4": "10.0.0.31",
                            "network.0.fixed_ip_v6": "",
                            "network.0.floating_ip": "",
                            "network.0.mac": "fa:16:3e:ea:df:f6",
                            "network.0.name": "red de sergio.ferrete",
                            "network.0.port": "83397888-e303-4c9a-9d73-199e7cd59b23",
                            "network.0.uuid": "0276f065-e76f-4ad9-9826-5c3f01375492",
                            "network.1.access_network": "false",
                            "network.1.fixed_ip_v4": "192.168.200.20",
                            "network.1.fixed_ip_v6": "",
                            "network.1.floating_ip": "",
                            "network.1.mac": "fa:16:3e:39:95:b8",
                            "network.1.name": "interna-openstack",
                            "network.1.port": "4f26fe04-9efa-4cf0-bb8c-9ae9d11a4782",
                            "network.1.uuid": "aa3910fb-c0c4-49a7-921a-4559e6895473",
                            "region": "RegionOne",
                            "security_groups.#": "2",
                            "security_groups.2776189524": "openstack",
                            "security_groups.3814588639": "default",
                            "stop_before_destroy": "false"
                        },
                        "meta": {
                            "e2bfb730-ecaa-11e6-8f88-34363bc7c4c0": {
                                "create": 1800000000000,
                                "delete": 1800000000000,
                                "update": 1800000000000
                            }
                        },
                        "tainted": false
                    },
                    "deposed": [],
                    "provider": "provider.openstack"
                },
                "openstack_compute_instance_v2.orbit": {
                    "type": "openstack_compute_instance_v2",
                    "depends_on": [
                        "openstack_compute_secgroup_v2.openstack-secgroup",
                        "openstack_networking_port_v2.orbit_ext_port",
                        "openstack_networking_port_v2.orbit_int_port"
                    ],
                    "primary": {
                        "id": "2d4c2f4f-4a8e-445e-80df-b04126dfc321",
                        "attributes": {
                            "access_ip_v4": "10.0.0.30",
                            "access_ip_v6": "",
                            "all_metadata.%": "0",
                            "availability_zone": "nova",
                            "flavor_id": "45",
                            "flavor_name": "ssd.large",
                            "force_delete": "false",
                            "id": "2d4c2f4f-4a8e-445e-80df-b04126dfc321",
                            "image_id": "f67e34fb-108d-4418-9a49-4a2dbde5a8f1",
                            "image_name": "Debian Stretch 9.1",
                            "key_pair": "id_rsa",
                            "name": "orbit",
                            "network.#": "2",
                            "network.0.access_network": "false",
                            "network.0.fixed_ip_v4": "10.0.0.30",
                            "network.0.fixed_ip_v6": "",
                            "network.0.floating_ip": "",
                            "network.0.mac": "fa:16:3e:6d:0d:fc",
                            "network.0.name": "red de sergio.ferrete",
                            "network.0.port": "1b7d1d6d-523d-4bc2-92a9-dee9cdf8054a",
                            "network.0.uuid": "0276f065-e76f-4ad9-9826-5c3f01375492",
                            "network.1.access_network": "false",
                            "network.1.fixed_ip_v4": "192.168.200.10",
                            "network.1.fixed_ip_v6": "",
                            "network.1.floating_ip": "",
                            "network.1.mac": "fa:16:3e:98:7c:40",
                            "network.1.name": "interna-openstack",
                            "network.1.port": "e73c62e1-d2dc-4d05-8d78-0a2c2c2ef31a",
                            "network.1.uuid": "aa3910fb-c0c4-49a7-921a-4559e6895473",
                            "region": "RegionOne",
                            "security_groups.#": "2",
                            "security_groups.2776189524": "openstack",
                            "security_groups.3814588639": "default",
                            "stop_before_destroy": "false"
                        },
                        "meta": {
                            "e2bfb730-ecaa-11e6-8f88-34363bc7c4c0": {
                                "create": 1800000000000,
                                "delete": 1800000000000,
                                "update": 1800000000000
                            }
                        },
                        "tainted": false
                    },
                    "deposed": [],
                    "provider": "provider.openstack"
                },
                "openstack_compute_secgroup_v2.openstack-secgroup": {
                    "type": "openstack_compute_secgroup_v2",
                    "depends_on": [],
                    "primary": {
                        "id": "fc701ecd-3f83-4d23-949b-53c8ecb68af1",
                        "attributes": {
                            "description": "Sec Group for openstack deployment",
                            "id": "fc701ecd-3f83-4d23-949b-53c8ecb68af1",
                            "name": "openstack",
                            "region": "RegionOne",
                            "rule.#": "1",
                            "rule.836640770.cidr": "0.0.0.0/0",
                            "rule.836640770.from_group_id": "",
                            "rule.836640770.from_port": "22",
                            "rule.836640770.id": "544eac72-a0a3-4544-b4bf-29e1ad4c9c1f",
                            "rule.836640770.ip_protocol": "tcp",
                            "rule.836640770.self": "false",
                            "rule.836640770.to_port": "22"
                        },
                        "meta": {
                            "e2bfb730-ecaa-11e6-8f88-34363bc7c4c0": {
                                "delete": 600000000000
                            }
                        },
                        "tainted": false
                    },
                    "deposed": [],
                    "provider": "provider.openstack"
                },
                "openstack_compute_volume_attach_v2.attachedboomer": {
                    "type": "openstack_compute_volume_attach_v2",
                    "depends_on": [
                        "openstack_blockstorage_volume_v2.ceph_vol_2",
                        "openstack_compute_instance_v2.boomer"
                    ],
                    "primary": {
                        "id": "87be2bd6-9cd2-472d-b985-f6e24ad0a40f/cc13f49d-d747-4b05-b905-9af47dee4c1e",
                        "attributes": {
                            "device": "/dev/vdb",
                            "id": "87be2bd6-9cd2-472d-b985-f6e24ad0a40f/cc13f49d-d747-4b05-b905-9af47dee4c1e",
                            "instance_id": "87be2bd6-9cd2-472d-b985-f6e24ad0a40f",
                            "region": "RegionOne",
                            "volume_id": "cc13f49d-d747-4b05-b905-9af47dee4c1e"
                        },
                        "meta": {
                            "e2bfb730-ecaa-11e6-8f88-34363bc7c4c0": {
                                "create": 600000000000,
                                "delete": 600000000000
                            }
                        },
                        "tainted": false
                    },
                    "deposed": [],
                    "provider": "provider.openstack"
                },
                "openstack_compute_volume_attach_v2.attachedmint": {
                    "type": "openstack_compute_volume_attach_v2",
                    "depends_on": [
                        "openstack_blockstorage_volume_v2.ceph_vol_3",
                        "openstack_compute_instance_v2.mint"
                    ],
                    "primary": {
                        "id": "3b79881a-7fee-45a2-915c-751ac6487541/e5911596-ecd8-4b76-aead-11a430ebf09c",
                        "attributes": {
                            "device": "/dev/vdb",
                            "id": "3b79881a-7fee-45a2-915c-751ac6487541/e5911596-ecd8-4b76-aead-11a430ebf09c",
                            "instance_id": "3b79881a-7fee-45a2-915c-751ac6487541",
                            "region": "RegionOne",
                            "volume_id": "e5911596-ecd8-4b76-aead-11a430ebf09c"
                        },
                        "meta": {
                            "e2bfb730-ecaa-11e6-8f88-34363bc7c4c0": {
                                "create": 600000000000,
                                "delete": 600000000000
                            }
                        },
                        "tainted": false
                    },
                    "deposed": [],
                    "provider": "provider.openstack"
                },
                "openstack_compute_volume_attach_v2.attachedtorobit": {
                    "type": "openstack_compute_volume_attach_v2",
                    "depends_on": [
                        "openstack_blockstorage_volume_v2.ceph_vol_1",
                        "openstack_compute_instance_v2.orbit"
                    ],
                    "primary": {
                        "id": "2d4c2f4f-4a8e-445e-80df-b04126dfc321/66034f67-c744-4935-8a6a-e219740b4a9f",
                        "attributes": {
                            "device": "/dev/vdb",
                            "id": "2d4c2f4f-4a8e-445e-80df-b04126dfc321/66034f67-c744-4935-8a6a-e219740b4a9f",
                            "instance_id": "2d4c2f4f-4a8e-445e-80df-b04126dfc321",
                            "region": "RegionOne",
                            "volume_id": "66034f67-c744-4935-8a6a-e219740b4a9f"
                        },
                        "meta": {
                            "e2bfb730-ecaa-11e6-8f88-34363bc7c4c0": {
                                "create": 600000000000,
                                "delete": 600000000000
                            }
                        },
                        "tainted": false
                    },
                    "deposed": [],
                    "provider": "provider.openstack"
                },
                "openstack_networking_network_v2.interna-openstack": {
                    "type": "openstack_networking_network_v2",
                    "depends_on": [],
                    "primary": {
                        "id": "aa3910fb-c0c4-49a7-921a-4559e6895473",
                        "attributes": {
                            "admin_state_up": "true",
                            "availability_zone_hints.#": "0",
                            "id": "aa3910fb-c0c4-49a7-921a-4559e6895473",
                            "name": "interna-openstack",
                            "region": "RegionOne",
                            "shared": "false",
                            "tenant_id": "1b06396c3f8340fe9e3e9d62d35c9b01"
                        },
                        "meta": {
                            "e2bfb730-ecaa-11e6-8f88-34363bc7c4c0": {
                                "create": 600000000000,
                                "delete": 600000000000
                            }
                        },
                        "tainted": false
                    },
                    "deposed": [],
                    "provider": "provider.openstack"
                },
                "openstack_networking_port_v2.boomer_ext_port": {
                    "type": "openstack_networking_port_v2",
                    "depends_on": [],
                    "primary": {
                        "id": "3a12dbf7-1577-47d0-9ec1-c95b3043fd8b",
                        "attributes": {
                            "admin_state_up": "true",
                            "all_fixed_ips.#": "1",
                            "all_fixed_ips.0": "10.0.0.32",
                            "all_security_group_ids.#": "1",
                            "all_security_group_ids.2355982733": "84865709-76a7-4dd8-9807-2d10481e88ea",
                            "allowed_address_pairs.#": "0",
                            "device_id": "87be2bd6-9cd2-472d-b985-f6e24ad0a40f",
                            "device_owner": "compute:None",
                            "fixed_ip.#": "1",
                            "fixed_ip.0.ip_address": "10.0.0.32",
                            "fixed_ip.0.subnet_id": "4b96837b-dcd3-4089-aad8-26f6a126c89f",
                            "id": "3a12dbf7-1577-47d0-9ec1-c95b3043fd8b",
                            "mac_address": "fa:16:3e:e8:ac:36",
                            "name": "",
                            "network_id": "0276f065-e76f-4ad9-9826-5c3f01375492",
                            "region": "RegionOne",
                            "security_group_ids.#": "1",
                            "security_group_ids.2355982733": "84865709-76a7-4dd8-9807-2d10481e88ea",
                            "tenant_id": "1b06396c3f8340fe9e3e9d62d35c9b01"
                        },
                        "meta": {
                            "e2bfb730-ecaa-11e6-8f88-34363bc7c4c0": {
                                "create": 600000000000,
                                "delete": 600000000000
                            }
                        },
                        "tainted": false
                    },
                    "deposed": [],
                    "provider": "provider.openstack"
                },
                "openstack_networking_port_v2.boomer_int_port": {
                    "type": "openstack_networking_port_v2",
                    "depends_on": [
                        "openstack_compute_secgroup_v2.openstack-secgroup",
                        "openstack_networking_network_v2.interna-openstack",
                        "openstack_networking_subnet_v2.subnet-openstack"
                    ],
                    "primary": {
                        "id": "e8195b77-907b-4418-b4b8-5f062e39492b",
                        "attributes": {
                            "admin_state_up": "true",
                            "all_fixed_ips.#": "1",
                            "all_fixed_ips.0": "192.168.200.5",
                            "all_security_group_ids.#": "1",
                            "all_security_group_ids.4206866769": "fc701ecd-3f83-4d23-949b-53c8ecb68af1",
                            "allowed_address_pairs.#": "0",
                            "device_id": "87be2bd6-9cd2-472d-b985-f6e24ad0a40f",
                            "device_owner": "compute:None",
                            "fixed_ip.#": "1",
                            "fixed_ip.0.ip_address": "192.168.200.5",
                            "fixed_ip.0.subnet_id": "76b669c3-ef87-42cb-a1ff-09fc773026ed",
                            "id": "e8195b77-907b-4418-b4b8-5f062e39492b",
                            "mac_address": "fa:16:3e:06:31:bd",
                            "name": "",
                            "network_id": "aa3910fb-c0c4-49a7-921a-4559e6895473",
                            "region": "RegionOne",
                            "security_group_ids.#": "1",
                            "security_group_ids.4206866769": "fc701ecd-3f83-4d23-949b-53c8ecb68af1",
                            "tenant_id": "1b06396c3f8340fe9e3e9d62d35c9b01"
                        },
                        "meta": {
                            "e2bfb730-ecaa-11e6-8f88-34363bc7c4c0": {
                                "create": 600000000000,
                                "delete": 600000000000
                            }
                        },
                        "tainted": false
                    },
                    "deposed": [],
                    "provider": "provider.openstack"
                },
                "openstack_networking_port_v2.mint_ext_port": {
                    "type": "openstack_networking_port_v2",
                    "depends_on": [],
                    "primary": {
                        "id": "83397888-e303-4c9a-9d73-199e7cd59b23",
                        "attributes": {
                            "admin_state_up": "true",
                            "all_fixed_ips.#": "1",
                            "all_fixed_ips.0": "10.0.0.31",
                            "all_security_group_ids.#": "1",
                            "all_security_group_ids.2355982733": "84865709-76a7-4dd8-9807-2d10481e88ea",
                            "allowed_address_pairs.#": "0",
                            "device_id": "",
                            "device_owner": "",
                            "fixed_ip.#": "1",
                            "fixed_ip.0.ip_address": "10.0.0.31",
                            "fixed_ip.0.subnet_id": "4b96837b-dcd3-4089-aad8-26f6a126c89f",
                            "id": "83397888-e303-4c9a-9d73-199e7cd59b23",
                            "mac_address": "fa:16:3e:ea:df:f6",
                            "name": "",
                            "network_id": "0276f065-e76f-4ad9-9826-5c3f01375492",
                            "region": "RegionOne",
                            "security_group_ids.#": "1",
                            "security_group_ids.2355982733": "84865709-76a7-4dd8-9807-2d10481e88ea",
                            "tenant_id": "1b06396c3f8340fe9e3e9d62d35c9b01"
                        },
                        "meta": {
                            "e2bfb730-ecaa-11e6-8f88-34363bc7c4c0": {
                                "create": 600000000000,
                                "delete": 600000000000
                            }
                        },
                        "tainted": false
                    },
                    "deposed": [],
                    "provider": "provider.openstack"
                },
                "openstack_networking_port_v2.mint_int_port": {
                    "type": "openstack_networking_port_v2",
                    "depends_on": [
                        "openstack_compute_secgroup_v2.openstack-secgroup",
                        "openstack_networking_network_v2.interna-openstack",
                        "openstack_networking_subnet_v2.subnet-openstack"
                    ],
                    "primary": {
                        "id": "4f26fe04-9efa-4cf0-bb8c-9ae9d11a4782",
                        "attributes": {
                            "admin_state_up": "true",
                            "all_fixed_ips.#": "1",
                            "all_fixed_ips.0": "192.168.200.20",
                            "all_security_group_ids.#": "1",
                            "all_security_group_ids.4206866769": "fc701ecd-3f83-4d23-949b-53c8ecb68af1",
                            "allowed_address_pairs.#": "0",
                            "device_id": "",
                            "device_owner": "",
                            "fixed_ip.#": "1",
                            "fixed_ip.0.ip_address": "192.168.200.20",
                            "fixed_ip.0.subnet_id": "76b669c3-ef87-42cb-a1ff-09fc773026ed",
                            "id": "4f26fe04-9efa-4cf0-bb8c-9ae9d11a4782",
                            "mac_address": "fa:16:3e:39:95:b8",
                            "name": "",
                            "network_id": "aa3910fb-c0c4-49a7-921a-4559e6895473",
                            "region": "RegionOne",
                            "security_group_ids.#": "1",
                            "security_group_ids.4206866769": "fc701ecd-3f83-4d23-949b-53c8ecb68af1",
                            "tenant_id": "1b06396c3f8340fe9e3e9d62d35c9b01"
                        },
                        "meta": {
                            "e2bfb730-ecaa-11e6-8f88-34363bc7c4c0": {
                                "create": 600000000000,
                                "delete": 600000000000
                            }
                        },
                        "tainted": false
                    },
                    "deposed": [],
                    "provider": "provider.openstack"
                },
                "openstack_networking_port_v2.orbit_ext_port": {
                    "type": "openstack_networking_port_v2",
                    "depends_on": [],
                    "primary": {
                        "id": "1b7d1d6d-523d-4bc2-92a9-dee9cdf8054a",
                        "attributes": {
                            "admin_state_up": "true",
                            "all_fixed_ips.#": "1",
                            "all_fixed_ips.0": "10.0.0.30",
                            "all_security_group_ids.#": "1",
                            "all_security_group_ids.2355982733": "84865709-76a7-4dd8-9807-2d10481e88ea",
                            "allowed_address_pairs.#": "0",
                            "device_id": "2d4c2f4f-4a8e-445e-80df-b04126dfc321",
                            "device_owner": "compute:None",
                            "fixed_ip.#": "1",
                            "fixed_ip.0.ip_address": "10.0.0.30",
                            "fixed_ip.0.subnet_id": "4b96837b-dcd3-4089-aad8-26f6a126c89f",
                            "id": "1b7d1d6d-523d-4bc2-92a9-dee9cdf8054a",
                            "mac_address": "fa:16:3e:6d:0d:fc",
                            "name": "",
                            "network_id": "0276f065-e76f-4ad9-9826-5c3f01375492",
                            "region": "RegionOne",
                            "security_group_ids.#": "1",
                            "security_group_ids.2355982733": "84865709-76a7-4dd8-9807-2d10481e88ea",
                            "tenant_id": "1b06396c3f8340fe9e3e9d62d35c9b01"
                        },
                        "meta": {
                            "e2bfb730-ecaa-11e6-8f88-34363bc7c4c0": {
                                "create": 600000000000,
                                "delete": 600000000000
                            }
                        },
                        "tainted": false
                    },
                    "deposed": [],
                    "provider": "provider.openstack"
                },
                "openstack_networking_port_v2.orbit_int_port": {
                    "type": "openstack_networking_port_v2",
                    "depends_on": [
                        "openstack_compute_secgroup_v2.openstack-secgroup",
                        "openstack_networking_network_v2.interna-openstack",
                        "openstack_networking_subnet_v2.subnet-openstack"
                    ],
                    "primary": {
                        "id": "e73c62e1-d2dc-4d05-8d78-0a2c2c2ef31a",
                        "attributes": {
                            "admin_state_up": "true",
                            "all_fixed_ips.#": "1",
                            "all_fixed_ips.0": "192.168.200.10",
                            "all_security_group_ids.#": "1",
                            "all_security_group_ids.4206866769": "fc701ecd-3f83-4d23-949b-53c8ecb68af1",
                            "allowed_address_pairs.#": "0",
                            "device_id": "2d4c2f4f-4a8e-445e-80df-b04126dfc321",
                            "device_owner": "compute:None",
                            "fixed_ip.#": "1",
                            "fixed_ip.0.ip_address": "192.168.200.10",
                            "fixed_ip.0.subnet_id": "76b669c3-ef87-42cb-a1ff-09fc773026ed",
                            "id": "e73c62e1-d2dc-4d05-8d78-0a2c2c2ef31a",
                            "mac_address": "fa:16:3e:98:7c:40",
                            "name": "",
                            "network_id": "aa3910fb-c0c4-49a7-921a-4559e6895473",
                            "region": "RegionOne",
                            "security_group_ids.#": "1",
                            "security_group_ids.4206866769": "fc701ecd-3f83-4d23-949b-53c8ecb68af1",
                            "tenant_id": "1b06396c3f8340fe9e3e9d62d35c9b01"
                        },
                        "meta": {
                            "e2bfb730-ecaa-11e6-8f88-34363bc7c4c0": {
                                "create": 600000000000,
                                "delete": 600000000000
                            }
                        },
                        "tainted": false
                    },
                    "deposed": [],
                    "provider": "provider.openstack"
                },
                "openstack_networking_secgroup_rule_v2.permit-local-trafic": {
                    "type": "openstack_networking_secgroup_rule_v2",
                    "depends_on": [
                        "openstack_compute_secgroup_v2.openstack-secgroup"
                    ],
                    "primary": {
                        "id": "6ef99486-2921-414d-a20d-86de17bb3679",
                        "attributes": {
                            "direction": "ingress",
                            "ethertype": "IPv4",
                            "id": "6ef99486-2921-414d-a20d-86de17bb3679",
                            "port_range_max": "0",
                            "port_range_min": "0",
                            "protocol": "",
                            "region": "RegionOne",
                            "remote_group_id": "fc701ecd-3f83-4d23-949b-53c8ecb68af1",
                            "remote_ip_prefix": "",
                            "security_group_id": "fc701ecd-3f83-4d23-949b-53c8ecb68af1",
                            "tenant_id": "1b06396c3f8340fe9e3e9d62d35c9b01"
                        },
                        "meta": {
                            "e2bfb730-ecaa-11e6-8f88-34363bc7c4c0": {
                                "delete": 600000000000
                            }
                        },
                        "tainted": false
                    },
                    "deposed": [],
                    "provider": "provider.openstack"
                },
                "openstack_networking_subnet_v2.subnet-openstack": {
                    "type": "openstack_networking_subnet_v2",
                    "depends_on": [
                        "openstack_networking_network_v2.interna-openstack"
                    ],
                    "primary": {
                        "id": "76b669c3-ef87-42cb-a1ff-09fc773026ed",
                        "attributes": {
                            "allocation_pools.#": "1",
                            "allocation_pools.0.end": "192.168.200.254",
                            "allocation_pools.0.start": "192.168.200.2",
                            "cidr": "192.168.200.0/24",
                            "dns_nameservers.#": "0",
                            "enable_dhcp": "true",
                            "gateway_ip": "192.168.200.1",
                            "host_routes.#": "0",
                            "id": "76b669c3-ef87-42cb-a1ff-09fc773026ed",
                            "ip_version": "4",
                            "ipv6_address_mode": "",
                            "ipv6_ra_mode": "",
                            "name": "subnet-openstack",
                            "network_id": "aa3910fb-c0c4-49a7-921a-4559e6895473",
                            "no_gateway": "false",
                            "region": "RegionOne",
                            "tenant_id": "1b06396c3f8340fe9e3e9d62d35c9b01"
                        },
                        "meta": {
                            "e2bfb730-ecaa-11e6-8f88-34363bc7c4c0": {
                                "create": 600000000000,
                                "delete": 600000000000
                            }
                        },
                        "tainted": false
                    },
                    "deposed": [],
                    "provider": "provider.openstack"
                }
            },
            "depends_on": []
        }
    ]
}
