{
    "version": 3,
    "terraform_version": "0.11.3",
    "serial": 4,
    "lineage": "2de2dcc7-bca8-40ae-a9eb-e26aa5259ae0",
    "modules": [
        {
            "path": [
                "root"
            ],
            "outputs": {},
            "resources": {
                "openstack_blockstorage_volume_v2.ceph_vol_1": {
                    "type": "openstack_blockstorage_volume_v2",
                    "depends_on": [],
                    "primary": {
                        "id": "0c034b20-d87c-472b-9e7a-e23b259c5936",
                        "attributes": {
                            "attachment.#": "1",
                            "attachment.3092222947.device": "/dev/vdb",
                            "attachment.3092222947.id": "0c034b20-d87c-472b-9e7a-e23b259c5936",
                            "attachment.3092222947.instance_id": "e8c07481-55b8-4187-9f9e-02f4ae5594dc",
                            "availability_zone": "nova",
                            "description": "Kolla-ansible ceph_vol_1",
                            "id": "0c034b20-d87c-472b-9e7a-e23b259c5936",
                            "metadata.%": "2",
                            "metadata.attached_mode": "rw",
                            "metadata.readonly": "False",
                            "name": "ceph_vol_1",
                            "region": "RegionOne",
                            "size": "10",
                            "snapshot_id": "",
                            "source_vol_id": "",
                            "volume_type": ""
                        },
                        "meta": {
                            "e2bfb730-ecaa-11e6-8f88-34363bc7c4c0": {
                                "create": 600000000000,
                                "delete": 600000000000
                            }
                        },
                        "tainted": false
                    },
                    "deposed": [],
                    "provider": "provider.openstack"
                },
                "openstack_blockstorage_volume_v2.ceph_vol_2": {
                    "type": "openstack_blockstorage_volume_v2",
                    "depends_on": [],
                    "primary": {
                        "id": "809f348d-cb1b-4589-a578-bd84306074a3",
                        "attributes": {
                            "attachment.#": "1",
                            "attachment.2673302631.device": "/dev/vdb",
                            "attachment.2673302631.id": "809f348d-cb1b-4589-a578-bd84306074a3",
                            "attachment.2673302631.instance_id": "2a603d8e-f1b4-49e5-9579-1d09492f3b0e",
                            "availability_zone": "nova",
                            "description": "Kolla-ansible ceph_vol_2",
                            "id": "809f348d-cb1b-4589-a578-bd84306074a3",
                            "metadata.%": "2",
                            "metadata.attached_mode": "rw",
                            "metadata.readonly": "False",
                            "name": "ceph_vol_2",
                            "region": "RegionOne",
                            "size": "10",
                            "snapshot_id": "",
                            "source_vol_id": "",
                            "volume_type": ""
                        },
                        "meta": {
                            "e2bfb730-ecaa-11e6-8f88-34363bc7c4c0": {
                                "create": 600000000000,
                                "delete": 600000000000
                            }
                        },
                        "tainted": false
                    },
                    "deposed": [],
                    "provider": "provider.openstack"
                },
                "openstack_blockstorage_volume_v2.ceph_vol_3": {
                    "type": "openstack_blockstorage_volume_v2",
                    "depends_on": [],
                    "primary": {
                        "id": "f8944dc0-4f6c-48ac-8ab5-42522e7cfdd5",
                        "attributes": {
                            "attachment.#": "1",
                            "attachment.3570201359.device": "/dev/vdb",
                            "attachment.3570201359.id": "f8944dc0-4f6c-48ac-8ab5-42522e7cfdd5",
                            "attachment.3570201359.instance_id": "e0b19789-9f74-473a-b54d-1eda38df7c37",
                            "availability_zone": "nova",
                            "description": "Kolla-ansible ceph_vol_3",
                            "id": "f8944dc0-4f6c-48ac-8ab5-42522e7cfdd5",
                            "metadata.%": "2",
                            "metadata.attached_mode": "rw",
                            "metadata.readonly": "False",
                            "name": "ceph_vol_3",
                            "region": "RegionOne",
                            "size": "10",
                            "snapshot_id": "",
                            "source_vol_id": "",
                            "volume_type": ""
                        },
                        "meta": {
                            "e2bfb730-ecaa-11e6-8f88-34363bc7c4c0": {
                                "create": 600000000000,
                                "delete": 600000000000
                            }
                        },
                        "tainted": false
                    },
                    "deposed": [],
                    "provider": "provider.openstack"
                },
                "openstack_compute_floatingip_associate_v2.fip_1": {
                    "type": "openstack_compute_floatingip_associate_v2",
                    "depends_on": [
                        "openstack_compute_instance_v2.orbit"
                    ],
                    "primary": {
                        "id": "172.22.201.108/e8c07481-55b8-4187-9f9e-02f4ae5594dc/",
                        "attributes": {
                            "fixed_ip": "",
                            "floating_ip": "172.22.201.108",
                            "id": "172.22.201.108/e8c07481-55b8-4187-9f9e-02f4ae5594dc/",
                            "instance_id": "e8c07481-55b8-4187-9f9e-02f4ae5594dc",
                            "region": "RegionOne"
                        },
                        "meta": {},
                        "tainted": false
                    },
                    "deposed": [],
                    "provider": "provider.openstack"
                },
                "openstack_compute_floatingip_associate_v2.fip_2": {
                    "type": "openstack_compute_floatingip_associate_v2",
                    "depends_on": [
                        "openstack_compute_instance_v2.mint"
                    ],
                    "primary": {
                        "id": "172.22.201.111/e0b19789-9f74-473a-b54d-1eda38df7c37/",
                        "attributes": {
                            "fixed_ip": "",
                            "floating_ip": "172.22.201.111",
                            "id": "172.22.201.111/e0b19789-9f74-473a-b54d-1eda38df7c37/",
                            "instance_id": "e0b19789-9f74-473a-b54d-1eda38df7c37",
                            "region": "RegionOne"
                        },
                        "meta": {},
                        "tainted": false
                    },
                    "deposed": [],
                    "provider": "provider.openstack"
                },
                "openstack_compute_floatingip_associate_v2.fip_3": {
                    "type": "openstack_compute_floatingip_associate_v2",
                    "depends_on": [
                        "openstack_compute_instance_v2.boomer"
                    ],
                    "primary": {
                        "id": "172.22.200.207/ff206a7a-350c-4ec0-86f1-3fe49469e5e2/",
                        "attributes": {
                            "fixed_ip": "",
                            "floating_ip": "172.22.200.207",
                            "id": "172.22.200.207/ff206a7a-350c-4ec0-86f1-3fe49469e5e2/",
                            "instance_id": "ff206a7a-350c-4ec0-86f1-3fe49469e5e2",
                            "region": "RegionOne"
                        },
                        "meta": {},
                        "tainted": false
                    },
                    "deposed": [],
                    "provider": "provider.openstack"
                },
                "openstack_compute_instance_v2.boomer": {
                    "type": "openstack_compute_instance_v2",
                    "depends_on": [
                        "openstack_compute_secgroup_v2.openstack-secgroup",
                        "openstack_networking_port_v2.boomer_ext_port",
                        "openstack_networking_port_v2.boomer_int_port"
                    ],
                    "primary": {
                        "id": "ff206a7a-350c-4ec0-86f1-3fe49469e5e2",
                        "attributes": {
                            "access_ip_v4": "10.0.0.32",
                            "access_ip_v6": "",
                            "all_metadata.%": "0",
                            "availability_zone": "nova",
                            "flavor_id": "13",
                            "flavor_name": "m1.normal",
                            "force_delete": "false",
                            "id": "ff206a7a-350c-4ec0-86f1-3fe49469e5e2",
                            "image_id": "f67e34fb-108d-4418-9a49-4a2dbde5a8f1",
                            "image_name": "Debian Stretch 9.1",
                            "key_pair": "id_rsa",
                            "name": "boomer",
                            "network.#": "2",
                            "network.0.access_network": "false",
                            "network.0.fixed_ip_v4": "10.0.0.32",
                            "network.0.fixed_ip_v6": "",
                            "network.0.floating_ip": "",
                            "network.0.mac": "fa:16:3e:84:8c:ab",
                            "network.0.name": "red de sergio.ferrete",
                            "network.0.port": "15e7bf8a-d634-41fe-97b4-e52f903ee552",
                            "network.0.uuid": "0276f065-e76f-4ad9-9826-5c3f01375492",
                            "network.1.access_network": "false",
                            "network.1.fixed_ip_v4": "192.168.200.5",
                            "network.1.fixed_ip_v6": "",
                            "network.1.floating_ip": "",
                            "network.1.mac": "fa:16:3e:cb:30:df",
                            "network.1.name": "interna-openstack",
                            "network.1.port": "02b38645-563d-4ebb-bd6c-72b5ca5e56d0",
                            "network.1.uuid": "801a09a3-75ab-44d4-9b18-4492a7263cb3",
                            "region": "RegionOne",
                            "security_groups.#": "2",
                            "security_groups.2776189524": "openstack",
                            "security_groups.3814588639": "default",
                            "stop_before_destroy": "false"
                        },
                        "meta": {
                            "e2bfb730-ecaa-11e6-8f88-34363bc7c4c0": {
                                "create": 1800000000000,
                                "delete": 1800000000000,
                                "update": 1800000000000
                            }
                        },
                        "tainted": false
                    },
                    "deposed": [],
                    "provider": "provider.openstack"
                },
                "openstack_compute_instance_v2.mint": {
                    "type": "openstack_compute_instance_v2",
                    "depends_on": [
                        "openstack_compute_secgroup_v2.openstack-secgroup",
                        "openstack_networking_port_v2.mint_ext_port",
                        "openstack_networking_port_v2.mint_int_port"
                    ],
                    "primary": {
                        "id": "e0b19789-9f74-473a-b54d-1eda38df7c37",
                        "attributes": {
                            "access_ip_v4": "10.0.0.31",
                            "access_ip_v6": "",
                            "all_metadata.%": "0",
                            "availability_zone": "nova",
                            "flavor_id": "45",
                            "flavor_name": "ssd.large",
                            "force_delete": "false",
                            "id": "e0b19789-9f74-473a-b54d-1eda38df7c37",
                            "image_id": "f67e34fb-108d-4418-9a49-4a2dbde5a8f1",
                            "image_name": "Debian Stretch 9.1",
                            "key_pair": "id_rsa",
                            "name": "mint",
                            "network.#": "2",
                            "network.0.access_network": "false",
                            "network.0.fixed_ip_v4": "10.0.0.31",
                            "network.0.fixed_ip_v6": "",
                            "network.0.floating_ip": "",
                            "network.0.mac": "fa:16:3e:eb:16:a1",
                            "network.0.name": "red de sergio.ferrete",
                            "network.0.port": "8bda6953-5dae-4dae-aa46-971835274272",
                            "network.0.uuid": "0276f065-e76f-4ad9-9826-5c3f01375492",
                            "network.1.access_network": "false",
                            "network.1.fixed_ip_v4": "192.168.200.20",
                            "network.1.fixed_ip_v6": "",
                            "network.1.floating_ip": "",
                            "network.1.mac": "fa:16:3e:8a:76:c9",
                            "network.1.name": "interna-openstack",
                            "network.1.port": "9fd9f7c6-669a-44c5-94d2-bd4984c908ee",
                            "network.1.uuid": "801a09a3-75ab-44d4-9b18-4492a7263cb3",
                            "region": "RegionOne",
                            "security_groups.#": "2",
                            "security_groups.2776189524": "openstack",
                            "security_groups.3814588639": "default",
                            "stop_before_destroy": "false"
                        },
                        "meta": {
                            "e2bfb730-ecaa-11e6-8f88-34363bc7c4c0": {
                                "create": 1800000000000,
                                "delete": 1800000000000,
                                "update": 1800000000000
                            }
                        },
                        "tainted": false
                    },
                    "deposed": [],
                    "provider": "provider.openstack"
                },
                "openstack_compute_instance_v2.orbit": {
                    "type": "openstack_compute_instance_v2",
                    "depends_on": [
                        "openstack_compute_secgroup_v2.openstack-secgroup",
                        "openstack_networking_port_v2.orbit_ext_port",
                        "openstack_networking_port_v2.orbit_int_port"
                    ],
                    "primary": {
                        "id": "e8c07481-55b8-4187-9f9e-02f4ae5594dc",
                        "attributes": {
                            "access_ip_v4": "10.0.0.30",
                            "access_ip_v6": "",
                            "all_metadata.%": "0",
                            "availability_zone": "nova",
                            "flavor_id": "45",
                            "flavor_name": "ssd.large",
                            "force_delete": "false",
                            "id": "e8c07481-55b8-4187-9f9e-02f4ae5594dc",
                            "image_id": "f67e34fb-108d-4418-9a49-4a2dbde5a8f1",
                            "image_name": "Debian Stretch 9.1",
                            "key_pair": "id_rsa",
                            "name": "orbit",
                            "network.#": "2",
                            "network.0.access_network": "false",
                            "network.0.fixed_ip_v4": "10.0.0.30",
                            "network.0.fixed_ip_v6": "",
                            "network.0.floating_ip": "",
                            "network.0.mac": "fa:16:3e:9c:91:35",
                            "network.0.name": "red de sergio.ferrete",
                            "network.0.port": "197a7899-140c-4f33-9363-e00aef04a566",
                            "network.0.uuid": "0276f065-e76f-4ad9-9826-5c3f01375492",
                            "network.1.access_network": "false",
                            "network.1.fixed_ip_v4": "192.168.200.10",
                            "network.1.fixed_ip_v6": "",
                            "network.1.floating_ip": "",
                            "network.1.mac": "fa:16:3e:fa:03:6d",
                            "network.1.name": "interna-openstack",
                            "network.1.port": "2a242301-e1f9-4ea1-ba8a-4cfadc583834",
                            "network.1.uuid": "801a09a3-75ab-44d4-9b18-4492a7263cb3",
                            "region": "RegionOne",
                            "security_groups.#": "2",
                            "security_groups.2776189524": "openstack",
                            "security_groups.3814588639": "default",
                            "stop_before_destroy": "false"
                        },
                        "meta": {
                            "e2bfb730-ecaa-11e6-8f88-34363bc7c4c0": {
                                "create": 1800000000000,
                                "delete": 1800000000000,
                                "update": 1800000000000
                            }
                        },
                        "tainted": false
                    },
                    "deposed": [],
                    "provider": "provider.openstack"
                },
                "openstack_compute_secgroup_v2.openstack-secgroup": {
                    "type": "openstack_compute_secgroup_v2",
                    "depends_on": [],
                    "primary": {
                        "id": "c548847a-aba1-4bee-9b63-1b4683f8ef48",
                        "attributes": {
                            "description": "Sec Group for openstack deployment",
                            "id": "c548847a-aba1-4bee-9b63-1b4683f8ef48",
                            "name": "openstack",
                            "region": "RegionOne",
                            "rule.#": "1",
                            "rule.836640770.cidr": "0.0.0.0/0",
                            "rule.836640770.from_group_id": "",
                            "rule.836640770.from_port": "22",
                            "rule.836640770.id": "da2b9aca-7767-4830-a003-cc8675ad8744",
                            "rule.836640770.ip_protocol": "tcp",
                            "rule.836640770.self": "false",
                            "rule.836640770.to_port": "22"
                        },
                        "meta": {
                            "e2bfb730-ecaa-11e6-8f88-34363bc7c4c0": {
                                "delete": 600000000000
                            }
                        },
                        "tainted": false
                    },
                    "deposed": [],
                    "provider": "provider.openstack"
                },
                "openstack_compute_volume_attach_v2.attachedboomer": {
                    "type": "openstack_compute_volume_attach_v2",
                    "depends_on": [
                        "openstack_blockstorage_volume_v2.ceph_vol_2",
                        "openstack_compute_instance_v2.boomer"
                    ],
                    "primary": {
                        "id": "ff206a7a-350c-4ec0-86f1-3fe49469e5e2/809f348d-cb1b-4589-a578-bd84306074a3",
                        "attributes": {
                            "device": "/dev/vdb",
                            "id": "ff206a7a-350c-4ec0-86f1-3fe49469e5e2/809f348d-cb1b-4589-a578-bd84306074a3",
                            "instance_id": "ff206a7a-350c-4ec0-86f1-3fe49469e5e2",
                            "region": "RegionOne",
                            "volume_id": "809f348d-cb1b-4589-a578-bd84306074a3"
                        },
                        "meta": {
                            "e2bfb730-ecaa-11e6-8f88-34363bc7c4c0": {
                                "create": 600000000000,
                                "delete": 600000000000
                            }
                        },
                        "tainted": false
                    },
                    "deposed": [],
                    "provider": "provider.openstack"
                },
                "openstack_compute_volume_attach_v2.attachedmint": {
                    "type": "openstack_compute_volume_attach_v2",
                    "depends_on": [
                        "openstack_blockstorage_volume_v2.ceph_vol_3",
                        "openstack_compute_instance_v2.mint"
                    ],
                    "primary": {
                        "id": "e0b19789-9f74-473a-b54d-1eda38df7c37/f8944dc0-4f6c-48ac-8ab5-42522e7cfdd5",
                        "attributes": {
                            "device": "/dev/vdb",
                            "id": "e0b19789-9f74-473a-b54d-1eda38df7c37/f8944dc0-4f6c-48ac-8ab5-42522e7cfdd5",
                            "instance_id": "e0b19789-9f74-473a-b54d-1eda38df7c37",
                            "region": "RegionOne",
                            "volume_id": "f8944dc0-4f6c-48ac-8ab5-42522e7cfdd5"
                        },
                        "meta": {
                            "e2bfb730-ecaa-11e6-8f88-34363bc7c4c0": {
                                "create": 600000000000,
                                "delete": 600000000000
                            }
                        },
                        "tainted": false
                    },
                    "deposed": [],
                    "provider": "provider.openstack"
                },
                "openstack_compute_volume_attach_v2.attachedtorobit": {
                    "type": "openstack_compute_volume_attach_v2",
                    "depends_on": [
                        "openstack_blockstorage_volume_v2.ceph_vol_1",
                        "openstack_compute_instance_v2.orbit"
                    ],
                    "primary": {
                        "id": "e8c07481-55b8-4187-9f9e-02f4ae5594dc/0c034b20-d87c-472b-9e7a-e23b259c5936",
                        "attributes": {
                            "device": "/dev/vdb",
                            "id": "e8c07481-55b8-4187-9f9e-02f4ae5594dc/0c034b20-d87c-472b-9e7a-e23b259c5936",
                            "instance_id": "e8c07481-55b8-4187-9f9e-02f4ae5594dc",
                            "region": "RegionOne",
                            "volume_id": "0c034b20-d87c-472b-9e7a-e23b259c5936"
                        },
                        "meta": {
                            "e2bfb730-ecaa-11e6-8f88-34363bc7c4c0": {
                                "create": 600000000000,
                                "delete": 600000000000
                            }
                        },
                        "tainted": false
                    },
                    "deposed": [],
                    "provider": "provider.openstack"
                },
                "openstack_networking_network_v2.interna-openstack": {
                    "type": "openstack_networking_network_v2",
                    "depends_on": [],
                    "primary": {
                        "id": "801a09a3-75ab-44d4-9b18-4492a7263cb3",
                        "attributes": {
                            "admin_state_up": "true",
                            "availability_zone_hints.#": "0",
                            "id": "801a09a3-75ab-44d4-9b18-4492a7263cb3",
                            "name": "interna-openstack",
                            "region": "RegionOne",
                            "shared": "false",
                            "tenant_id": "1b06396c3f8340fe9e3e9d62d35c9b01"
                        },
                        "meta": {
                            "e2bfb730-ecaa-11e6-8f88-34363bc7c4c0": {
                                "create": 600000000000,
                                "delete": 600000000000
                            }
                        },
                        "tainted": false
                    },
                    "deposed": [],
                    "provider": "provider.openstack"
                },
                "openstack_networking_port_v2.boomer_ext_port": {
                    "type": "openstack_networking_port_v2",
                    "depends_on": [],
                    "primary": {
                        "id": "15e7bf8a-d634-41fe-97b4-e52f903ee552",
                        "attributes": {
                            "admin_state_up": "true",
                            "all_fixed_ips.#": "1",
                            "all_fixed_ips.0": "10.0.0.32",
                            "all_security_group_ids.#": "1",
                            "all_security_group_ids.2355982733": "84865709-76a7-4dd8-9807-2d10481e88ea",
                            "allowed_address_pairs.#": "0",
                            "device_id": "",
                            "device_owner": "",
                            "fixed_ip.#": "1",
                            "fixed_ip.0.ip_address": "10.0.0.32",
                            "fixed_ip.0.subnet_id": "4b96837b-dcd3-4089-aad8-26f6a126c89f",
                            "id": "15e7bf8a-d634-41fe-97b4-e52f903ee552",
                            "mac_address": "fa:16:3e:84:8c:ab",
                            "name": "",
                            "network_id": "0276f065-e76f-4ad9-9826-5c3f01375492",
                            "region": "RegionOne",
                            "security_group_ids.#": "1",
                            "security_group_ids.2355982733": "84865709-76a7-4dd8-9807-2d10481e88ea",
                            "tenant_id": "1b06396c3f8340fe9e3e9d62d35c9b01"
                        },
                        "meta": {
                            "e2bfb730-ecaa-11e6-8f88-34363bc7c4c0": {
                                "create": 600000000000,
                                "delete": 600000000000
                            }
                        },
                        "tainted": false
                    },
                    "deposed": [],
                    "provider": "provider.openstack"
                },
                "openstack_networking_port_v2.boomer_int_port": {
                    "type": "openstack_networking_port_v2",
                    "depends_on": [
                        "openstack_compute_secgroup_v2.openstack-secgroup",
                        "openstack_networking_network_v2.interna-openstack",
                        "openstack_networking_subnet_v2.subnet-openstack"
                    ],
                    "primary": {
                        "id": "02b38645-563d-4ebb-bd6c-72b5ca5e56d0",
                        "attributes": {
                            "admin_state_up": "true",
                            "all_fixed_ips.#": "1",
                            "all_fixed_ips.0": "192.168.200.5",
                            "all_security_group_ids.#": "1",
                            "all_security_group_ids.2157761053": "c548847a-aba1-4bee-9b63-1b4683f8ef48",
                            "allowed_address_pairs.#": "0",
                            "device_id": "2a603d8e-f1b4-49e5-9579-1d09492f3b0e",
                            "device_owner": "compute:None",
                            "fixed_ip.#": "1",
                            "fixed_ip.0.ip_address": "192.168.200.5",
                            "fixed_ip.0.subnet_id": "8eca6202-20da-474c-8d65-c91393d2ded2",
                            "id": "02b38645-563d-4ebb-bd6c-72b5ca5e56d0",
                            "mac_address": "fa:16:3e:cb:30:df",
                            "name": "",
                            "network_id": "801a09a3-75ab-44d4-9b18-4492a7263cb3",
                            "region": "RegionOne",
                            "security_group_ids.#": "1",
                            "security_group_ids.2157761053": "c548847a-aba1-4bee-9b63-1b4683f8ef48",
                            "tenant_id": "1b06396c3f8340fe9e3e9d62d35c9b01"
                        },
                        "meta": {
                            "e2bfb730-ecaa-11e6-8f88-34363bc7c4c0": {
                                "create": 600000000000,
                                "delete": 600000000000
                            }
                        },
                        "tainted": false
                    },
                    "deposed": [],
                    "provider": "provider.openstack"
                },
                "openstack_networking_port_v2.mint_ext_port": {
                    "type": "openstack_networking_port_v2",
                    "depends_on": [],
                    "primary": {
                        "id": "8bda6953-5dae-4dae-aa46-971835274272",
                        "attributes": {
                            "admin_state_up": "true",
                            "all_fixed_ips.#": "1",
                            "all_fixed_ips.0": "10.0.0.31",
                            "all_security_group_ids.#": "1",
                            "all_security_group_ids.2355982733": "84865709-76a7-4dd8-9807-2d10481e88ea",
                            "allowed_address_pairs.#": "0",
                            "device_id": "e0b19789-9f74-473a-b54d-1eda38df7c37",
                            "device_owner": "compute:None",
                            "fixed_ip.#": "1",
                            "fixed_ip.0.ip_address": "10.0.0.31",
                            "fixed_ip.0.subnet_id": "4b96837b-dcd3-4089-aad8-26f6a126c89f",
                            "id": "8bda6953-5dae-4dae-aa46-971835274272",
                            "mac_address": "fa:16:3e:eb:16:a1",
                            "name": "",
                            "network_id": "0276f065-e76f-4ad9-9826-5c3f01375492",
                            "region": "RegionOne",
                            "security_group_ids.#": "1",
                            "security_group_ids.2355982733": "84865709-76a7-4dd8-9807-2d10481e88ea",
                            "tenant_id": "1b06396c3f8340fe9e3e9d62d35c9b01"
                        },
                        "meta": {
                            "e2bfb730-ecaa-11e6-8f88-34363bc7c4c0": {
                                "create": 600000000000,
                                "delete": 600000000000
                            }
                        },
                        "tainted": false
                    },
                    "deposed": [],
                    "provider": "provider.openstack"
                },
                "openstack_networking_port_v2.mint_int_port": {
                    "type": "openstack_networking_port_v2",
                    "depends_on": [
                        "openstack_compute_secgroup_v2.openstack-secgroup",
                        "openstack_networking_network_v2.interna-openstack",
                        "openstack_networking_subnet_v2.subnet-openstack"
                    ],
                    "primary": {
                        "id": "9fd9f7c6-669a-44c5-94d2-bd4984c908ee",
                        "attributes": {
                            "admin_state_up": "true",
                            "all_fixed_ips.#": "1",
                            "all_fixed_ips.0": "192.168.200.20",
                            "all_security_group_ids.#": "1",
                            "all_security_group_ids.2157761053": "c548847a-aba1-4bee-9b63-1b4683f8ef48",
                            "allowed_address_pairs.#": "0",
                            "device_id": "e0b19789-9f74-473a-b54d-1eda38df7c37",
                            "device_owner": "compute:None",
                            "fixed_ip.#": "1",
                            "fixed_ip.0.ip_address": "192.168.200.20",
                            "fixed_ip.0.subnet_id": "8eca6202-20da-474c-8d65-c91393d2ded2",
                            "id": "9fd9f7c6-669a-44c5-94d2-bd4984c908ee",
                            "mac_address": "fa:16:3e:8a:76:c9",
                            "name": "",
                            "network_id": "801a09a3-75ab-44d4-9b18-4492a7263cb3",
                            "region": "RegionOne",
                            "security_group_ids.#": "1",
                            "security_group_ids.2157761053": "c548847a-aba1-4bee-9b63-1b4683f8ef48",
                            "tenant_id": "1b06396c3f8340fe9e3e9d62d35c9b01"
                        },
                        "meta": {
                            "e2bfb730-ecaa-11e6-8f88-34363bc7c4c0": {
                                "create": 600000000000,
                                "delete": 600000000000
                            }
                        },
                        "tainted": false
                    },
                    "deposed": [],
                    "provider": "provider.openstack"
                },
                "openstack_networking_port_v2.orbit_ext_port": {
                    "type": "openstack_networking_port_v2",
                    "depends_on": [],
                    "primary": {
                        "id": "197a7899-140c-4f33-9363-e00aef04a566",
                        "attributes": {
                            "admin_state_up": "true",
                            "all_fixed_ips.#": "1",
                            "all_fixed_ips.0": "10.0.0.30",
                            "all_security_group_ids.#": "1",
                            "all_security_group_ids.2355982733": "84865709-76a7-4dd8-9807-2d10481e88ea",
                            "allowed_address_pairs.#": "0",
                            "device_id": "e8c07481-55b8-4187-9f9e-02f4ae5594dc",
                            "device_owner": "compute:None",
                            "fixed_ip.#": "1",
                            "fixed_ip.0.ip_address": "10.0.0.30",
                            "fixed_ip.0.subnet_id": "4b96837b-dcd3-4089-aad8-26f6a126c89f",
                            "id": "197a7899-140c-4f33-9363-e00aef04a566",
                            "mac_address": "fa:16:3e:9c:91:35",
                            "name": "",
                            "network_id": "0276f065-e76f-4ad9-9826-5c3f01375492",
                            "region": "RegionOne",
                            "security_group_ids.#": "1",
                            "security_group_ids.2355982733": "84865709-76a7-4dd8-9807-2d10481e88ea",
                            "tenant_id": "1b06396c3f8340fe9e3e9d62d35c9b01"
                        },
                        "meta": {
                            "e2bfb730-ecaa-11e6-8f88-34363bc7c4c0": {
                                "create": 600000000000,
                                "delete": 600000000000
                            }
                        },
                        "tainted": false
                    },
                    "deposed": [],
                    "provider": "provider.openstack"
                },
                "openstack_networking_port_v2.orbit_int_port": {
                    "type": "openstack_networking_port_v2",
                    "depends_on": [
                        "openstack_compute_secgroup_v2.openstack-secgroup",
                        "openstack_networking_network_v2.interna-openstack",
                        "openstack_networking_subnet_v2.subnet-openstack"
                    ],
                    "primary": {
                        "id": "2a242301-e1f9-4ea1-ba8a-4cfadc583834",
                        "attributes": {
                            "admin_state_up": "true",
                            "all_fixed_ips.#": "1",
                            "all_fixed_ips.0": "192.168.200.10",
                            "all_security_group_ids.#": "1",
                            "all_security_group_ids.2157761053": "c548847a-aba1-4bee-9b63-1b4683f8ef48",
                            "allowed_address_pairs.#": "0",
                            "device_id": "e8c07481-55b8-4187-9f9e-02f4ae5594dc",
                            "device_owner": "compute:None",
                            "fixed_ip.#": "1",
                            "fixed_ip.0.ip_address": "192.168.200.10",
                            "fixed_ip.0.subnet_id": "8eca6202-20da-474c-8d65-c91393d2ded2",
                            "id": "2a242301-e1f9-4ea1-ba8a-4cfadc583834",
                            "mac_address": "fa:16:3e:fa:03:6d",
                            "name": "",
                            "network_id": "801a09a3-75ab-44d4-9b18-4492a7263cb3",
                            "region": "RegionOne",
                            "security_group_ids.#": "1",
                            "security_group_ids.2157761053": "c548847a-aba1-4bee-9b63-1b4683f8ef48",
                            "tenant_id": "1b06396c3f8340fe9e3e9d62d35c9b01"
                        },
                        "meta": {
                            "e2bfb730-ecaa-11e6-8f88-34363bc7c4c0": {
                                "create": 600000000000,
                                "delete": 600000000000
                            }
                        },
                        "tainted": false
                    },
                    "deposed": [],
                    "provider": "provider.openstack"
                },
                "openstack_networking_secgroup_rule_v2.permit-local-trafic": {
                    "type": "openstack_networking_secgroup_rule_v2",
                    "depends_on": [
                        "openstack_compute_secgroup_v2.openstack-secgroup"
                    ],
                    "primary": {
                        "id": "6e1a99ea-3e65-4e6c-b431-2c9bd0167a1d",
                        "attributes": {
                            "direction": "ingress",
                            "ethertype": "IPv4",
                            "id": "6e1a99ea-3e65-4e6c-b431-2c9bd0167a1d",
                            "port_range_max": "0",
                            "port_range_min": "0",
                            "protocol": "",
                            "region": "RegionOne",
                            "remote_group_id": "c548847a-aba1-4bee-9b63-1b4683f8ef48",
                            "remote_ip_prefix": "",
                            "security_group_id": "c548847a-aba1-4bee-9b63-1b4683f8ef48",
                            "tenant_id": "1b06396c3f8340fe9e3e9d62d35c9b01"
                        },
                        "meta": {
                            "e2bfb730-ecaa-11e6-8f88-34363bc7c4c0": {
                                "delete": 600000000000
                            }
                        },
                        "tainted": false
                    },
                    "deposed": [],
                    "provider": "provider.openstack"
                },
                "openstack_networking_subnet_v2.subnet-openstack": {
                    "type": "openstack_networking_subnet_v2",
                    "depends_on": [
                        "openstack_networking_network_v2.interna-openstack"
                    ],
                    "primary": {
                        "id": "8eca6202-20da-474c-8d65-c91393d2ded2",
                        "attributes": {
                            "allocation_pools.#": "1",
                            "allocation_pools.0.end": "192.168.200.254",
                            "allocation_pools.0.start": "192.168.200.2",
                            "cidr": "192.168.200.0/24",
                            "dns_nameservers.#": "0",
                            "enable_dhcp": "true",
                            "gateway_ip": "192.168.200.1",
                            "host_routes.#": "0",
                            "id": "8eca6202-20da-474c-8d65-c91393d2ded2",
                            "ip_version": "4",
                            "ipv6_address_mode": "",
                            "ipv6_ra_mode": "",
                            "name": "subnet-openstack",
                            "network_id": "801a09a3-75ab-44d4-9b18-4492a7263cb3",
                            "no_gateway": "false",
                            "region": "RegionOne",
                            "tenant_id": "1b06396c3f8340fe9e3e9d62d35c9b01"
                        },
                        "meta": {
                            "e2bfb730-ecaa-11e6-8f88-34363bc7c4c0": {
                                "create": 600000000000,
                                "delete": 600000000000
                            }
                        },
                        "tainted": false
                    },
                    "deposed": [],
                    "provider": "provider.openstack"
                }
            },
            "depends_on": []
        }
    ]
}
