{
    "version": 3,
    "terraform_version": "0.11.3",
    "serial": 20,
    "lineage": "2de2dcc7-bca8-40ae-a9eb-e26aa5259ae0",
    "modules": [
        {
            "path": [
                "root"
            ],
            "outputs": {},
            "resources": {
                "openstack_blockstorage_volume_v2.cinder_vol": {
                    "type": "openstack_blockstorage_volume_v2",
                    "depends_on": [],
                    "primary": {
                        "id": "ac28af3b-15dc-404d-8094-f0c49d30fec7",
                        "attributes": {
                            "attachment.#": "0",
                            "availability_zone": "nova",
                            "description": "Kolla-ansible conder_vol",
                            "id": "ac28af3b-15dc-404d-8094-f0c49d30fec7",
                            "metadata.%": "1",
                            "metadata.readonly": "False",
                            "name": "cinder_vol",
                            "region": "RegionOne",
                            "size": "30",
                            "snapshot_id": "",
                            "source_vol_id": "",
                            "volume_type": ""
                        },
                        "meta": {
                            "e2bfb730-ecaa-11e6-8f88-34363bc7c4c0": {
                                "create": 600000000000,
                                "delete": 600000000000
                            }
                        },
                        "tainted": false
                    },
                    "deposed": [],
                    "provider": "provider.openstack"
                },
                "openstack_compute_floatingip_associate_v2.fip_1": {
                    "type": "openstack_compute_floatingip_associate_v2",
                    "depends_on": [
                        "openstack_compute_instance_v2.orbit"
                    ],
                    "primary": {
                        "id": "172.22.201.108/a1482897-c6ff-4638-a703-db4d8958d8bf/",
                        "attributes": {
                            "fixed_ip": "",
                            "floating_ip": "172.22.201.108",
                            "id": "172.22.201.108/a1482897-c6ff-4638-a703-db4d8958d8bf/",
                            "instance_id": "a1482897-c6ff-4638-a703-db4d8958d8bf",
                            "region": "RegionOne"
                        },
                        "meta": {},
                        "tainted": false
                    },
                    "deposed": [],
                    "provider": "provider.openstack"
                },
                "openstack_compute_floatingip_associate_v2.fip_2": {
                    "type": "openstack_compute_floatingip_associate_v2",
                    "depends_on": [
                        "openstack_compute_instance_v2.mint"
                    ],
                    "primary": {
                        "id": "172.22.201.111/d305000c-7e42-4fc6-bfbf-63055b884695/",
                        "attributes": {
                            "fixed_ip": "",
                            "floating_ip": "172.22.201.111",
                            "id": "172.22.201.111/d305000c-7e42-4fc6-bfbf-63055b884695/",
                            "instance_id": "d305000c-7e42-4fc6-bfbf-63055b884695",
                            "region": "RegionOne"
                        },
                        "meta": {},
                        "tainted": false
                    },
                    "deposed": [],
                    "provider": "provider.openstack"
                },
                "openstack_compute_instance_v2.mint": {
                    "type": "openstack_compute_instance_v2",
                    "depends_on": [
                        "openstack_compute_secgroup_v2.openstack-secgroup",
                        "openstack_networking_port_v2.mint_ext_port",
                        "openstack_networking_port_v2.mint_ext_port2",
                        "openstack_networking_port_v2.mint_int_port"
                    ],
                    "primary": {
                        "id": "d305000c-7e42-4fc6-bfbf-63055b884695",
                        "attributes": {
                            "access_ip_v4": "10.0.0.31",
                            "access_ip_v6": "",
                            "all_metadata.%": "0",
                            "availability_zone": "nova",
                            "flavor_id": "16",
                            "flavor_name": "m1.xlarge",
                            "force_delete": "false",
                            "id": "d305000c-7e42-4fc6-bfbf-63055b884695",
                            "image_id": "0dc7dc47-d3b6-43fa-ba67-0d3242f948f3",
                            "image_name": "Ubuntu Xenial - 16.04",
                            "key_pair": "id_rsa",
                            "name": "mint",
                            "network.#": "3",
                            "network.0.access_network": "false",
                            "network.0.fixed_ip_v4": "10.0.0.31",
                            "network.0.fixed_ip_v6": "",
                            "network.0.floating_ip": "",
                            "network.0.mac": "fa:16:3e:0a:15:c7",
                            "network.0.name": "red de sergio.ferrete",
                            "network.0.port": "fcd1dc1c-c5ce-4bbf-a400-a003d2bcdc6a",
                            "network.0.uuid": "0276f065-e76f-4ad9-9826-5c3f01375492",
                            "network.1.access_network": "false",
                            "network.1.fixed_ip_v4": "10.0.0.100",
                            "network.1.fixed_ip_v6": "",
                            "network.1.floating_ip": "",
                            "network.1.mac": "fa:16:3e:7d:c2:db",
                            "network.1.name": "red de sergio.ferrete",
                            "network.1.port": "76c6487b-614a-4457-a431-94622c7a8621",
                            "network.1.uuid": "0276f065-e76f-4ad9-9826-5c3f01375492",
                            "network.2.access_network": "false",
                            "network.2.fixed_ip_v4": "192.168.200.20",
                            "network.2.fixed_ip_v6": "",
                            "network.2.floating_ip": "",
                            "network.2.mac": "fa:16:3e:6f:3c:1f",
                            "network.2.name": "interna-openstack",
                            "network.2.port": "2b17708d-58e5-4794-bf2b-0eaf5862a972",
                            "network.2.uuid": "527260a6-9764-4786-89d2-1434a0cc812a",
                            "region": "RegionOne",
                            "security_groups.#": "2",
                            "security_groups.2776189524": "openstack",
                            "security_groups.3814588639": "default",
                            "stop_before_destroy": "false"
                        },
                        "meta": {
                            "e2bfb730-ecaa-11e6-8f88-34363bc7c4c0": {
                                "create": 1800000000000,
                                "delete": 1800000000000,
                                "update": 1800000000000
                            }
                        },
                        "tainted": false
                    },
                    "deposed": [],
                    "provider": "provider.openstack"
                },
                "openstack_compute_instance_v2.orbit": {
                    "type": "openstack_compute_instance_v2",
                    "depends_on": [
                        "openstack_compute_secgroup_v2.openstack-secgroup",
                        "openstack_networking_port_v2.orbit_ext_port",
                        "openstack_networking_port_v2.orbit_int_port"
                    ],
                    "primary": {
                        "id": "a1482897-c6ff-4638-a703-db4d8958d8bf",
                        "attributes": {
                            "access_ip_v4": "10.0.0.30",
                            "access_ip_v6": "",
                            "all_metadata.%": "0",
                            "availability_zone": "nova",
                            "flavor_id": "44",
                            "flavor_name": "ssd.medium",
                            "force_delete": "false",
                            "id": "a1482897-c6ff-4638-a703-db4d8958d8bf",
                            "image_id": "0dc7dc47-d3b6-43fa-ba67-0d3242f948f3",
                            "image_name": "Ubuntu Xenial - 16.04",
                            "key_pair": "id_rsa",
                            "name": "orbit",
                            "network.#": "2",
                            "network.0.access_network": "false",
                            "network.0.fixed_ip_v4": "10.0.0.30",
                            "network.0.fixed_ip_v6": "",
                            "network.0.floating_ip": "",
                            "network.0.mac": "fa:16:3e:db:66:1a",
                            "network.0.name": "red de sergio.ferrete",
                            "network.0.port": "0039db94-e637-40a1-b576-3a51640ecf26",
                            "network.0.uuid": "0276f065-e76f-4ad9-9826-5c3f01375492",
                            "network.1.access_network": "false",
                            "network.1.fixed_ip_v4": "192.168.200.10",
                            "network.1.fixed_ip_v6": "",
                            "network.1.floating_ip": "",
                            "network.1.mac": "fa:16:3e:42:94:a0",
                            "network.1.name": "interna-openstack",
                            "network.1.port": "055dcfd1-4f75-4b92-a04d-d49420a6d04f",
                            "network.1.uuid": "527260a6-9764-4786-89d2-1434a0cc812a",
                            "region": "RegionOne",
                            "security_groups.#": "2",
                            "security_groups.2776189524": "openstack",
                            "security_groups.3814588639": "default",
                            "stop_before_destroy": "false"
                        },
                        "meta": {
                            "e2bfb730-ecaa-11e6-8f88-34363bc7c4c0": {
                                "create": 1800000000000,
                                "delete": 1800000000000,
                                "update": 1800000000000
                            }
                        },
                        "tainted": false
                    },
                    "deposed": [],
                    "provider": "provider.openstack"
                },
                "openstack_compute_secgroup_v2.openstack-secgroup": {
                    "type": "openstack_compute_secgroup_v2",
                    "depends_on": [],
                    "primary": {
                        "id": "5dc3ab7b-d327-416f-8d33-5b829b967f01",
                        "attributes": {
                            "description": "Sec Group for openstack deployment",
                            "id": "5dc3ab7b-d327-416f-8d33-5b829b967f01",
                            "name": "openstack",
                            "region": "RegionOne",
                            "rule.#": "1",
                            "rule.836640770.cidr": "0.0.0.0/0",
                            "rule.836640770.from_group_id": "",
                            "rule.836640770.from_port": "22",
                            "rule.836640770.id": "3de250b0-26cd-4955-82b9-c08042ad9e53",
                            "rule.836640770.ip_protocol": "tcp",
                            "rule.836640770.self": "false",
                            "rule.836640770.to_port": "22"
                        },
                        "meta": {
                            "e2bfb730-ecaa-11e6-8f88-34363bc7c4c0": {
                                "delete": 600000000000
                            }
                        },
                        "tainted": false
                    },
                    "deposed": [],
                    "provider": "provider.openstack"
                },
                "openstack_compute_volume_attach_v2.attachedmint": {
                    "type": "openstack_compute_volume_attach_v2",
                    "depends_on": [
                        "openstack_blockstorage_volume_v2.cinder_vol",
                        "openstack_compute_instance_v2.mint"
                    ],
                    "primary": {
                        "id": "d305000c-7e42-4fc6-bfbf-63055b884695/ac28af3b-15dc-404d-8094-f0c49d30fec7",
                        "attributes": {
                            "device": "/dev/vdb",
                            "id": "d305000c-7e42-4fc6-bfbf-63055b884695/ac28af3b-15dc-404d-8094-f0c49d30fec7",
                            "instance_id": "d305000c-7e42-4fc6-bfbf-63055b884695",
                            "region": "RegionOne",
                            "volume_id": "ac28af3b-15dc-404d-8094-f0c49d30fec7"
                        },
                        "meta": {
                            "e2bfb730-ecaa-11e6-8f88-34363bc7c4c0": {
                                "create": 600000000000,
                                "delete": 600000000000
                            }
                        },
                        "tainted": false
                    },
                    "deposed": [],
                    "provider": "provider.openstack"
                },
                "openstack_networking_network_v2.interna-openstack": {
                    "type": "openstack_networking_network_v2",
                    "depends_on": [],
                    "primary": {
                        "id": "527260a6-9764-4786-89d2-1434a0cc812a",
                        "attributes": {
                            "admin_state_up": "true",
                            "availability_zone_hints.#": "0",
                            "id": "527260a6-9764-4786-89d2-1434a0cc812a",
                            "name": "interna-openstack",
                            "region": "RegionOne",
                            "shared": "false",
                            "tenant_id": "1b06396c3f8340fe9e3e9d62d35c9b01"
                        },
                        "meta": {
                            "e2bfb730-ecaa-11e6-8f88-34363bc7c4c0": {
                                "create": 600000000000,
                                "delete": 600000000000
                            }
                        },
                        "tainted": false
                    },
                    "deposed": [],
                    "provider": "provider.openstack"
                },
                "openstack_networking_port_v2.mint_ext_port": {
                    "type": "openstack_networking_port_v2",
                    "depends_on": [],
                    "primary": {
                        "id": "fcd1dc1c-c5ce-4bbf-a400-a003d2bcdc6a",
                        "attributes": {
                            "admin_state_up": "true",
                            "all_fixed_ips.#": "1",
                            "all_fixed_ips.0": "10.0.0.31",
                            "all_security_group_ids.#": "1",
                            "all_security_group_ids.2355982733": "84865709-76a7-4dd8-9807-2d10481e88ea",
                            "allowed_address_pairs.#": "1",
                            "allowed_address_pairs.452467501.ip_address": "192.168.200.0/24",
                            "allowed_address_pairs.452467501.mac_address": "fa:16:3e:0a:15:c7",
                            "device_id": "",
                            "device_owner": "",
                            "fixed_ip.#": "1",
                            "fixed_ip.0.ip_address": "10.0.0.31",
                            "fixed_ip.0.subnet_id": "4b96837b-dcd3-4089-aad8-26f6a126c89f",
                            "id": "fcd1dc1c-c5ce-4bbf-a400-a003d2bcdc6a",
                            "mac_address": "fa:16:3e:0a:15:c7",
                            "name": "",
                            "network_id": "0276f065-e76f-4ad9-9826-5c3f01375492",
                            "region": "RegionOne",
                            "security_group_ids.#": "1",
                            "security_group_ids.2355982733": "84865709-76a7-4dd8-9807-2d10481e88ea",
                            "tenant_id": "1b06396c3f8340fe9e3e9d62d35c9b01"
                        },
                        "meta": {
                            "e2bfb730-ecaa-11e6-8f88-34363bc7c4c0": {
                                "create": 600000000000,
                                "delete": 600000000000
                            }
                        },
                        "tainted": false
                    },
                    "deposed": [],
                    "provider": "provider.openstack"
                },
                "openstack_networking_port_v2.mint_ext_port2": {
                    "type": "openstack_networking_port_v2",
                    "depends_on": [],
                    "primary": {
                        "id": "76c6487b-614a-4457-a431-94622c7a8621",
                        "attributes": {
                            "admin_state_up": "true",
                            "all_fixed_ips.#": "1",
                            "all_fixed_ips.0": "10.0.0.100",
                            "all_security_group_ids.#": "1",
                            "all_security_group_ids.2355982733": "84865709-76a7-4dd8-9807-2d10481e88ea",
                            "allowed_address_pairs.#": "1",
                            "allowed_address_pairs.3376523837.ip_address": "192.168.200.0/24",
                            "allowed_address_pairs.3376523837.mac_address": "fa:16:3e:7d:c2:db",
                            "device_id": "",
                            "device_owner": "",
                            "fixed_ip.#": "1",
                            "fixed_ip.0.ip_address": "10.0.0.100",
                            "fixed_ip.0.subnet_id": "4b96837b-dcd3-4089-aad8-26f6a126c89f",
                            "id": "76c6487b-614a-4457-a431-94622c7a8621",
                            "mac_address": "fa:16:3e:7d:c2:db",
                            "name": "",
                            "network_id": "0276f065-e76f-4ad9-9826-5c3f01375492",
                            "region": "RegionOne",
                            "security_group_ids.#": "1",
                            "security_group_ids.2355982733": "84865709-76a7-4dd8-9807-2d10481e88ea",
                            "tenant_id": "1b06396c3f8340fe9e3e9d62d35c9b01"
                        },
                        "meta": {
                            "e2bfb730-ecaa-11e6-8f88-34363bc7c4c0": {
                                "create": 600000000000,
                                "delete": 600000000000
                            }
                        },
                        "tainted": false
                    },
                    "deposed": [],
                    "provider": "provider.openstack"
                },
                "openstack_networking_port_v2.mint_int_port": {
                    "type": "openstack_networking_port_v2",
                    "depends_on": [
                        "openstack_compute_secgroup_v2.openstack-secgroup",
                        "openstack_networking_network_v2.interna-openstack",
                        "openstack_networking_subnet_v2.subnet-openstack"
                    ],
                    "primary": {
                        "id": "2b17708d-58e5-4794-bf2b-0eaf5862a972",
                        "attributes": {
                            "admin_state_up": "true",
                            "all_fixed_ips.#": "1",
                            "all_fixed_ips.0": "192.168.200.20",
                            "all_security_group_ids.#": "1",
                            "all_security_group_ids.3045282655": "5dc3ab7b-d327-416f-8d33-5b829b967f01",
                            "allowed_address_pairs.#": "1",
                            "allowed_address_pairs.3823956870.ip_address": "10.0.0.0/24",
                            "allowed_address_pairs.3823956870.mac_address": "fa:16:3e:6f:3c:1f",
                            "device_id": "",
                            "device_owner": "",
                            "fixed_ip.#": "1",
                            "fixed_ip.0.ip_address": "192.168.200.20",
                            "fixed_ip.0.subnet_id": "82ad1716-f637-4d29-a53c-01a04550d358",
                            "id": "2b17708d-58e5-4794-bf2b-0eaf5862a972",
                            "mac_address": "fa:16:3e:6f:3c:1f",
                            "name": "",
                            "network_id": "527260a6-9764-4786-89d2-1434a0cc812a",
                            "region": "RegionOne",
                            "security_group_ids.#": "1",
                            "security_group_ids.3045282655": "5dc3ab7b-d327-416f-8d33-5b829b967f01",
                            "tenant_id": "1b06396c3f8340fe9e3e9d62d35c9b01"
                        },
                        "meta": {
                            "e2bfb730-ecaa-11e6-8f88-34363bc7c4c0": {
                                "create": 600000000000,
                                "delete": 600000000000
                            }
                        },
                        "tainted": false
                    },
                    "deposed": [],
                    "provider": "provider.openstack"
                },
                "openstack_networking_port_v2.orbit_ext_port": {
                    "type": "openstack_networking_port_v2",
                    "depends_on": [],
                    "primary": {
                        "id": "0039db94-e637-40a1-b576-3a51640ecf26",
                        "attributes": {
                            "admin_state_up": "true",
                            "all_fixed_ips.#": "1",
                            "all_fixed_ips.0": "10.0.0.30",
                            "all_security_group_ids.#": "1",
                            "all_security_group_ids.2355982733": "84865709-76a7-4dd8-9807-2d10481e88ea",
                            "allowed_address_pairs.#": "1",
                            "allowed_address_pairs.1349272677.ip_address": "192.168.200.0/24",
                            "allowed_address_pairs.1349272677.mac_address": "fa:16:3e:db:66:1a",
                            "device_id": "",
                            "device_owner": "",
                            "fixed_ip.#": "1",
                            "fixed_ip.0.ip_address": "10.0.0.30",
                            "fixed_ip.0.subnet_id": "4b96837b-dcd3-4089-aad8-26f6a126c89f",
                            "id": "0039db94-e637-40a1-b576-3a51640ecf26",
                            "mac_address": "fa:16:3e:db:66:1a",
                            "name": "",
                            "network_id": "0276f065-e76f-4ad9-9826-5c3f01375492",
                            "region": "RegionOne",
                            "security_group_ids.#": "1",
                            "security_group_ids.2355982733": "84865709-76a7-4dd8-9807-2d10481e88ea",
                            "tenant_id": "1b06396c3f8340fe9e3e9d62d35c9b01"
                        },
                        "meta": {
                            "e2bfb730-ecaa-11e6-8f88-34363bc7c4c0": {
                                "create": 600000000000,
                                "delete": 600000000000
                            }
                        },
                        "tainted": false
                    },
                    "deposed": [],
                    "provider": "provider.openstack"
                },
                "openstack_networking_port_v2.orbit_int_port": {
                    "type": "openstack_networking_port_v2",
                    "depends_on": [
                        "openstack_compute_secgroup_v2.openstack-secgroup",
                        "openstack_networking_network_v2.interna-openstack",
                        "openstack_networking_subnet_v2.subnet-openstack"
                    ],
                    "primary": {
                        "id": "055dcfd1-4f75-4b92-a04d-d49420a6d04f",
                        "attributes": {
                            "admin_state_up": "true",
                            "all_fixed_ips.#": "1",
                            "all_fixed_ips.0": "192.168.200.10",
                            "all_security_group_ids.#": "1",
                            "all_security_group_ids.3045282655": "5dc3ab7b-d327-416f-8d33-5b829b967f01",
                            "allowed_address_pairs.#": "1",
                            "allowed_address_pairs.1384824688.ip_address": "10.0.0.0/24",
                            "allowed_address_pairs.1384824688.mac_address": "fa:16:3e:42:94:a0",
                            "device_id": "",
                            "device_owner": "",
                            "fixed_ip.#": "1",
                            "fixed_ip.0.ip_address": "192.168.200.10",
                            "fixed_ip.0.subnet_id": "82ad1716-f637-4d29-a53c-01a04550d358",
                            "id": "055dcfd1-4f75-4b92-a04d-d49420a6d04f",
                            "mac_address": "fa:16:3e:42:94:a0",
                            "name": "",
                            "network_id": "527260a6-9764-4786-89d2-1434a0cc812a",
                            "region": "RegionOne",
                            "security_group_ids.#": "1",
                            "security_group_ids.3045282655": "5dc3ab7b-d327-416f-8d33-5b829b967f01",
                            "tenant_id": "1b06396c3f8340fe9e3e9d62d35c9b01"
                        },
                        "meta": {
                            "e2bfb730-ecaa-11e6-8f88-34363bc7c4c0": {
                                "create": 600000000000,
                                "delete": 600000000000
                            }
                        },
                        "tainted": false
                    },
                    "deposed": [],
                    "provider": "provider.openstack"
                },
                "openstack_networking_secgroup_rule_v2.default-remote-trafic": {
                    "type": "openstack_networking_secgroup_rule_v2",
                    "depends_on": [
                        "openstack_compute_secgroup_v2.openstack-secgroup"
                    ],
                    "primary": {
                        "id": "ce8207fb-a87d-46f2-b641-634988061f90",
                        "attributes": {
                            "direction": "ingress",
                            "ethertype": "IPv4",
                            "id": "ce8207fb-a87d-46f2-b641-634988061f90",
                            "port_range_max": "0",
                            "port_range_min": "0",
                            "protocol": "",
                            "region": "RegionOne",
                            "remote_group_id": "5dc3ab7b-d327-416f-8d33-5b829b967f01",
                            "remote_ip_prefix": "",
                            "security_group_id": "84865709-76a7-4dd8-9807-2d10481e88ea",
                            "tenant_id": "1b06396c3f8340fe9e3e9d62d35c9b01"
                        },
                        "meta": {
                            "e2bfb730-ecaa-11e6-8f88-34363bc7c4c0": {
                                "delete": 600000000000
                            }
                        },
                        "tainted": false
                    },
                    "deposed": [],
                    "provider": "provider.openstack"
                },
                "openstack_networking_secgroup_rule_v2.openstack-local-trafic": {
                    "type": "openstack_networking_secgroup_rule_v2",
                    "depends_on": [
                        "openstack_compute_secgroup_v2.openstack-secgroup"
                    ],
                    "primary": {
                        "id": "4af75e06-ea59-4608-9260-f059101016d2",
                        "attributes": {
                            "direction": "ingress",
                            "ethertype": "IPv4",
                            "id": "4af75e06-ea59-4608-9260-f059101016d2",
                            "port_range_max": "0",
                            "port_range_min": "0",
                            "protocol": "",
                            "region": "RegionOne",
                            "remote_group_id": "5dc3ab7b-d327-416f-8d33-5b829b967f01",
                            "remote_ip_prefix": "",
                            "security_group_id": "5dc3ab7b-d327-416f-8d33-5b829b967f01",
                            "tenant_id": "1b06396c3f8340fe9e3e9d62d35c9b01"
                        },
                        "meta": {
                            "e2bfb730-ecaa-11e6-8f88-34363bc7c4c0": {
                                "delete": 600000000000
                            }
                        },
                        "tainted": false
                    },
                    "deposed": [],
                    "provider": "provider.openstack"
                },
                "openstack_networking_secgroup_rule_v2.openstack-remote-trafic": {
                    "type": "openstack_networking_secgroup_rule_v2",
                    "depends_on": [
                        "openstack_compute_secgroup_v2.openstack-secgroup"
                    ],
                    "primary": {
                        "id": "4beb12c7-0acb-4495-97a5-bd747cd33a5d",
                        "attributes": {
                            "direction": "ingress",
                            "ethertype": "IPv4",
                            "id": "4beb12c7-0acb-4495-97a5-bd747cd33a5d",
                            "port_range_max": "0",
                            "port_range_min": "0",
                            "protocol": "",
                            "region": "RegionOne",
                            "remote_group_id": "84865709-76a7-4dd8-9807-2d10481e88ea",
                            "remote_ip_prefix": "",
                            "security_group_id": "5dc3ab7b-d327-416f-8d33-5b829b967f01",
                            "tenant_id": "1b06396c3f8340fe9e3e9d62d35c9b01"
                        },
                        "meta": {
                            "e2bfb730-ecaa-11e6-8f88-34363bc7c4c0": {
                                "delete": 600000000000
                            }
                        },
                        "tainted": false
                    },
                    "deposed": [],
                    "provider": "provider.openstack"
                },
                "openstack_networking_subnet_v2.subnet-openstack": {
                    "type": "openstack_networking_subnet_v2",
                    "depends_on": [
                        "openstack_networking_network_v2.interna-openstack"
                    ],
                    "primary": {
                        "id": "82ad1716-f637-4d29-a53c-01a04550d358",
                        "attributes": {
                            "allocation_pools.#": "1",
                            "allocation_pools.0.end": "192.168.200.254",
                            "allocation_pools.0.start": "192.168.200.2",
                            "cidr": "192.168.200.0/24",
                            "dns_nameservers.#": "0",
                            "enable_dhcp": "true",
                            "gateway_ip": "192.168.200.1",
                            "host_routes.#": "0",
                            "id": "82ad1716-f637-4d29-a53c-01a04550d358",
                            "ip_version": "4",
                            "ipv6_address_mode": "",
                            "ipv6_ra_mode": "",
                            "name": "subnet-openstack",
                            "network_id": "527260a6-9764-4786-89d2-1434a0cc812a",
                            "no_gateway": "false",
                            "region": "RegionOne",
                            "tenant_id": "1b06396c3f8340fe9e3e9d62d35c9b01"
                        },
                        "meta": {
                            "e2bfb730-ecaa-11e6-8f88-34363bc7c4c0": {
                                "create": 600000000000,
                                "delete": 600000000000
                            }
                        },
                        "tainted": false
                    },
                    "deposed": [],
                    "provider": "provider.openstack"
                }
            },
            "depends_on": []
        }
    ]
}
