{
    "version": 3,
    "terraform_version": "0.11.3",
    "serial": 2,
    "lineage": "f4df8a4c-3ff5-4a11-806f-fa6ceec1ddae",
    "modules": [
        {
            "path": [
                "root"
            ],
            "outputs": {},
            "resources": {
                "openstack_blockstorage_volume_v2.openstack": {
                    "type": "openstack_blockstorage_volume_v2",
                    "depends_on": [],
                    "primary": {
                        "id": "1fe70bf7-e284-48f3-98b2-142b2e863d0f",
                        "attributes": {
                            "attachment.#": "0",
                            "availability_zone": "nova",
                            "description": "Volume create by terraform",
                            "id": "1fe70bf7-e284-48f3-98b2-142b2e863d0f",
                            "metadata.%": "0",
                            "name": "openstack",
                            "region": "RegionOne",
                            "size": "5",
                            "snapshot_id": "",
                            "source_vol_id": "",
                            "volume_type": ""
                        },
                        "meta": {
                            "e2bfb730-ecaa-11e6-8f88-34363bc7c4c0": {
                                "create": 600000000000,
                                "delete": 600000000000
                            }
                        },
                        "tainted": false
                    },
                    "deposed": [],
                    "provider": "provider.openstack"
                }
            },
            "depends_on": []
        }
    ]
}
