{
    "version": 3,
    "terraform_version": "0.11.3",
    "serial": 8,
    "lineage": "f4df8a4c-3ff5-4a11-806f-fa6ceec1ddae",
    "modules": [
        {
            "path": [
                "root"
            ],
            "outputs": {},
            "resources": {
                "openstack_blockstorage_volume_v2.gluster_1": {
                    "type": "openstack_blockstorage_volume_v2",
                    "depends_on": [],
                    "primary": {
                        "id": "1459f661-4d65-4af6-a0a4-94762ae15e5e",
                        "attributes": {
                            "attachment.#": "1",
                            "attachment.1547347923.device": "/dev/vdb",
                            "attachment.1547347923.id": "1459f661-4d65-4af6-a0a4-94762ae15e5e",
                            "attachment.1547347923.instance_id": "2d0eda6d-a7a7-4b35-90dc-5f598d43568a",
                            "availability_zone": "nova",
                            "description": "Volume create by terraform",
                            "id": "1459f661-4d65-4af6-a0a4-94762ae15e5e",
                            "metadata.%": "2",
                            "metadata.attached_mode": "rw",
                            "metadata.readonly": "False",
                            "name": "gluster-1",
                            "region": "RegionOne",
                            "size": "5",
                            "snapshot_id": "",
                            "source_vol_id": "",
                            "volume_type": ""
                        },
                        "meta": {
                            "e2bfb730-ecaa-11e6-8f88-34363bc7c4c0": {
                                "create": 600000000000,
                                "delete": 600000000000
                            }
                        },
                        "tainted": false
                    },
                    "deposed": [],
                    "provider": "provider.openstack"
                },
                "openstack_blockstorage_volume_v2.gluster_2": {
                    "type": "openstack_blockstorage_volume_v2",
                    "depends_on": [],
                    "primary": {
                        "id": "2fb8841c-9af5-4b33-b98b-ba9c24ea8ad9",
                        "attributes": {
                            "attachment.#": "1",
                            "attachment.303743146.device": "/dev/vdb",
                            "attachment.303743146.id": "2fb8841c-9af5-4b33-b98b-ba9c24ea8ad9",
                            "attachment.303743146.instance_id": "6e59e7fb-3cb2-48c6-9cf3-9ef7cedbe8c2",
                            "availability_zone": "nova",
                            "description": "Volume create by terraform",
                            "id": "2fb8841c-9af5-4b33-b98b-ba9c24ea8ad9",
                            "metadata.%": "2",
                            "metadata.attached_mode": "rw",
                            "metadata.readonly": "False",
                            "name": "gluster-2",
                            "region": "RegionOne",
                            "size": "5",
                            "snapshot_id": "",
                            "source_vol_id": "",
                            "volume_type": ""
                        },
                        "meta": {
                            "e2bfb730-ecaa-11e6-8f88-34363bc7c4c0": {
                                "create": 600000000000,
                                "delete": 600000000000
                            }
                        },
                        "tainted": false
                    },
                    "deposed": [],
                    "provider": "provider.openstack"
                },
                "openstack_blockstorage_volume_v2.gluster_3": {
                    "type": "openstack_blockstorage_volume_v2",
                    "depends_on": [],
                    "primary": {
                        "id": "653c8e5d-6463-41ed-8372-a2deb6ccd01e",
                        "attributes": {
                            "attachment.#": "1",
                            "attachment.618598880.device": "/dev/vdb",
                            "attachment.618598880.id": "653c8e5d-6463-41ed-8372-a2deb6ccd01e",
                            "attachment.618598880.instance_id": "b5a8a5ab-0740-47a1-83e4-0fa068fae989",
                            "availability_zone": "nova",
                            "description": "Volume create by terraform",
                            "id": "653c8e5d-6463-41ed-8372-a2deb6ccd01e",
                            "metadata.%": "2",
                            "metadata.attached_mode": "rw",
                            "metadata.readonly": "False",
                            "name": "gluster-3",
                            "region": "RegionOne",
                            "size": "5",
                            "snapshot_id": "",
                            "source_vol_id": "",
                            "volume_type": ""
                        },
                        "meta": {
                            "e2bfb730-ecaa-11e6-8f88-34363bc7c4c0": {
                                "create": 600000000000,
                                "delete": 600000000000
                            }
                        },
                        "tainted": false
                    },
                    "deposed": [],
                    "provider": "provider.openstack"
                },
                "openstack_compute_floatingip_associate_v2.fip_1": {
                    "type": "openstack_compute_floatingip_associate_v2",
                    "depends_on": [
                        "openstack_compute_instance_v2.orbit"
                    ],
                    "primary": {
                        "id": "172.22.201.108/2d0eda6d-a7a7-4b35-90dc-5f598d43568a/",
                        "attributes": {
                            "fixed_ip": "",
                            "floating_ip": "172.22.201.108",
                            "id": "172.22.201.108/2d0eda6d-a7a7-4b35-90dc-5f598d43568a/",
                            "instance_id": "2d0eda6d-a7a7-4b35-90dc-5f598d43568a",
                            "region": "RegionOne"
                        },
                        "meta": {},
                        "tainted": false
                    },
                    "deposed": [],
                    "provider": "provider.openstack"
                },
                "openstack_compute_floatingip_associate_v2.fip_2": {
                    "type": "openstack_compute_floatingip_associate_v2",
                    "depends_on": [
                        "openstack_compute_instance_v2.mint"
                    ],
                    "primary": {
                        "id": "172.22.201.111/6e59e7fb-3cb2-48c6-9cf3-9ef7cedbe8c2/",
                        "attributes": {
                            "fixed_ip": "",
                            "floating_ip": "172.22.201.111",
                            "id": "172.22.201.111/6e59e7fb-3cb2-48c6-9cf3-9ef7cedbe8c2/",
                            "instance_id": "6e59e7fb-3cb2-48c6-9cf3-9ef7cedbe8c2",
                            "region": "RegionOne"
                        },
                        "meta": {},
                        "tainted": false
                    },
                    "deposed": [],
                    "provider": "provider.openstack"
                },
                "openstack_compute_floatingip_associate_v2.fip_3": {
                    "type": "openstack_compute_floatingip_associate_v2",
                    "depends_on": [
                        "openstack_compute_instance_v2.boomer"
                    ],
                    "primary": {
                        "id": "172.22.200.207/b5a8a5ab-0740-47a1-83e4-0fa068fae989/",
                        "attributes": {
                            "fixed_ip": "",
                            "floating_ip": "172.22.200.207",
                            "id": "172.22.200.207/b5a8a5ab-0740-47a1-83e4-0fa068fae989/",
                            "instance_id": "b5a8a5ab-0740-47a1-83e4-0fa068fae989",
                            "region": "RegionOne"
                        },
                        "meta": {},
                        "tainted": false
                    },
                    "deposed": [],
                    "provider": "provider.openstack"
                },
                "openstack_compute_floatingip_associate_v2.fip_4": {
                    "type": "openstack_compute_floatingip_associate_v2",
                    "depends_on": [
                        "openstack_compute_instance_v2.trident"
                    ],
                    "primary": {
                        "id": "172.22.200.116/ed7953b0-d7fa-413b-8d3a-1cd8ed503785/",
                        "attributes": {
                            "fixed_ip": "",
                            "floating_ip": "172.22.200.116",
                            "id": "172.22.200.116/ed7953b0-d7fa-413b-8d3a-1cd8ed503785/",
                            "instance_id": "ed7953b0-d7fa-413b-8d3a-1cd8ed503785",
                            "region": "RegionOne"
                        },
                        "meta": {},
                        "tainted": false
                    },
                    "deposed": [],
                    "provider": "provider.openstack"
                },
                "openstack_compute_instance_v2.boomer": {
                    "type": "openstack_compute_instance_v2",
                    "depends_on": [],
                    "primary": {
                        "id": "b5a8a5ab-0740-47a1-83e4-0fa068fae989",
                        "attributes": {
                            "access_ip_v4": "10.0.0.15",
                            "access_ip_v6": "",
                            "all_metadata.%": "0",
                            "availability_zone": "nova",
                            "flavor_id": "44",
                            "flavor_name": "ssd.medium",
                            "force_delete": "false",
                            "id": "b5a8a5ab-0740-47a1-83e4-0fa068fae989",
                            "image_id": "f67e34fb-108d-4418-9a49-4a2dbde5a8f1",
                            "image_name": "Debian Stretch 9.1",
                            "key_pair": "id_rsa",
                            "name": "boomer",
                            "network.#": "1",
                            "network.0.access_network": "false",
                            "network.0.fixed_ip_v4": "10.0.0.15",
                            "network.0.fixed_ip_v6": "",
                            "network.0.floating_ip": "",
                            "network.0.mac": "fa:16:3e:8c:50:82",
                            "network.0.name": "red de sergio.ferrete",
                            "network.0.port": "",
                            "network.0.uuid": "0276f065-e76f-4ad9-9826-5c3f01375492",
                            "region": "RegionOne",
                            "security_groups.#": "1",
                            "security_groups.3814588639": "default",
                            "stop_before_destroy": "false"
                        },
                        "meta": {
                            "e2bfb730-ecaa-11e6-8f88-34363bc7c4c0": {
                                "create": 1800000000000,
                                "delete": 1800000000000,
                                "update": 1800000000000
                            }
                        },
                        "tainted": false
                    },
                    "deposed": [],
                    "provider": "provider.openstack"
                },
                "openstack_compute_instance_v2.mint": {
                    "type": "openstack_compute_instance_v2",
                    "depends_on": [],
                    "primary": {
                        "id": "6e59e7fb-3cb2-48c6-9cf3-9ef7cedbe8c2",
                        "attributes": {
                            "access_ip_v4": "10.0.0.7",
                            "access_ip_v6": "",
                            "all_metadata.%": "0",
                            "availability_zone": "nova",
                            "flavor_id": "44",
                            "flavor_name": "ssd.medium",
                            "force_delete": "false",
                            "id": "6e59e7fb-3cb2-48c6-9cf3-9ef7cedbe8c2",
                            "image_id": "f67e34fb-108d-4418-9a49-4a2dbde5a8f1",
                            "image_name": "Debian Stretch 9.1",
                            "key_pair": "id_rsa",
                            "name": "mint",
                            "network.#": "1",
                            "network.0.access_network": "false",
                            "network.0.fixed_ip_v4": "10.0.0.7",
                            "network.0.fixed_ip_v6": "",
                            "network.0.floating_ip": "",
                            "network.0.mac": "fa:16:3e:01:b3:2f",
                            "network.0.name": "red de sergio.ferrete",
                            "network.0.port": "",
                            "network.0.uuid": "0276f065-e76f-4ad9-9826-5c3f01375492",
                            "region": "RegionOne",
                            "security_groups.#": "1",
                            "security_groups.3814588639": "default",
                            "stop_before_destroy": "false"
                        },
                        "meta": {
                            "e2bfb730-ecaa-11e6-8f88-34363bc7c4c0": {
                                "create": 1800000000000,
                                "delete": 1800000000000,
                                "update": 1800000000000
                            }
                        },
                        "tainted": false
                    },
                    "deposed": [],
                    "provider": "provider.openstack"
                },
                "openstack_compute_instance_v2.orbit": {
                    "type": "openstack_compute_instance_v2",
                    "depends_on": [],
                    "primary": {
                        "id": "2d0eda6d-a7a7-4b35-90dc-5f598d43568a",
                        "attributes": {
                            "access_ip_v4": "10.0.0.9",
                            "access_ip_v6": "",
                            "all_metadata.%": "0",
                            "availability_zone": "nova",
                            "flavor_id": "44",
                            "flavor_name": "ssd.medium",
                            "force_delete": "false",
                            "id": "2d0eda6d-a7a7-4b35-90dc-5f598d43568a",
                            "image_id": "f67e34fb-108d-4418-9a49-4a2dbde5a8f1",
                            "image_name": "Debian Stretch 9.1",
                            "key_pair": "id_rsa",
                            "name": "orbit",
                            "network.#": "1",
                            "network.0.access_network": "false",
                            "network.0.fixed_ip_v4": "10.0.0.9",
                            "network.0.fixed_ip_v6": "",
                            "network.0.floating_ip": "",
                            "network.0.mac": "fa:16:3e:eb:2d:b0",
                            "network.0.name": "red de sergio.ferrete",
                            "network.0.port": "",
                            "network.0.uuid": "0276f065-e76f-4ad9-9826-5c3f01375492",
                            "region": "RegionOne",
                            "security_groups.#": "1",
                            "security_groups.3814588639": "default",
                            "stop_before_destroy": "false"
                        },
                        "meta": {
                            "e2bfb730-ecaa-11e6-8f88-34363bc7c4c0": {
                                "create": 1800000000000,
                                "delete": 1800000000000,
                                "update": 1800000000000
                            }
                        },
                        "tainted": false
                    },
                    "deposed": [],
                    "provider": "provider.openstack"
                },
                "openstack_compute_instance_v2.trident": {
                    "type": "openstack_compute_instance_v2",
                    "depends_on": [],
                    "primary": {
                        "id": "ed7953b0-d7fa-413b-8d3a-1cd8ed503785",
                        "attributes": {
                            "access_ip_v4": "10.0.0.11",
                            "access_ip_v6": "",
                            "all_metadata.%": "0",
                            "availability_zone": "nova",
                            "flavor_id": "44",
                            "flavor_name": "ssd.medium",
                            "force_delete": "false",
                            "id": "ed7953b0-d7fa-413b-8d3a-1cd8ed503785",
                            "image_id": "f67e34fb-108d-4418-9a49-4a2dbde5a8f1",
                            "image_name": "Debian Stretch 9.1",
                            "key_pair": "id_rsa",
                            "name": "trident",
                            "network.#": "1",
                            "network.0.access_network": "false",
                            "network.0.fixed_ip_v4": "10.0.0.11",
                            "network.0.fixed_ip_v6": "",
                            "network.0.floating_ip": "",
                            "network.0.mac": "fa:16:3e:ba:0b:8b",
                            "network.0.name": "red de sergio.ferrete",
                            "network.0.port": "",
                            "network.0.uuid": "0276f065-e76f-4ad9-9826-5c3f01375492",
                            "region": "RegionOne",
                            "security_groups.#": "1",
                            "security_groups.3814588639": "default",
                            "stop_before_destroy": "false"
                        },
                        "meta": {
                            "e2bfb730-ecaa-11e6-8f88-34363bc7c4c0": {
                                "create": 1800000000000,
                                "delete": 1800000000000,
                                "update": 1800000000000
                            }
                        },
                        "tainted": false
                    },
                    "deposed": [],
                    "provider": "provider.openstack"
                },
                "openstack_compute_volume_attach_v2.attachedtoboomer": {
                    "type": "openstack_compute_volume_attach_v2",
                    "depends_on": [
                        "openstack_blockstorage_volume_v2.gluster_3",
                        "openstack_compute_instance_v2.boomer"
                    ],
                    "primary": {
                        "id": "b5a8a5ab-0740-47a1-83e4-0fa068fae989/653c8e5d-6463-41ed-8372-a2deb6ccd01e",
                        "attributes": {
                            "device": "/dev/vdb",
                            "id": "b5a8a5ab-0740-47a1-83e4-0fa068fae989/653c8e5d-6463-41ed-8372-a2deb6ccd01e",
                            "instance_id": "b5a8a5ab-0740-47a1-83e4-0fa068fae989",
                            "region": "RegionOne",
                            "volume_id": "653c8e5d-6463-41ed-8372-a2deb6ccd01e"
                        },
                        "meta": {
                            "e2bfb730-ecaa-11e6-8f88-34363bc7c4c0": {
                                "create": 600000000000,
                                "delete": 600000000000
                            }
                        },
                        "tainted": false
                    },
                    "deposed": [],
                    "provider": "provider.openstack"
                },
                "openstack_compute_volume_attach_v2.attachedtomint": {
                    "type": "openstack_compute_volume_attach_v2",
                    "depends_on": [
                        "openstack_blockstorage_volume_v2.gluster_2",
                        "openstack_compute_instance_v2.mint"
                    ],
                    "primary": {
                        "id": "6e59e7fb-3cb2-48c6-9cf3-9ef7cedbe8c2/2fb8841c-9af5-4b33-b98b-ba9c24ea8ad9",
                        "attributes": {
                            "device": "/dev/vdb",
                            "id": "6e59e7fb-3cb2-48c6-9cf3-9ef7cedbe8c2/2fb8841c-9af5-4b33-b98b-ba9c24ea8ad9",
                            "instance_id": "6e59e7fb-3cb2-48c6-9cf3-9ef7cedbe8c2",
                            "region": "RegionOne",
                            "volume_id": "2fb8841c-9af5-4b33-b98b-ba9c24ea8ad9"
                        },
                        "meta": {
                            "e2bfb730-ecaa-11e6-8f88-34363bc7c4c0": {
                                "create": 600000000000,
                                "delete": 600000000000
                            }
                        },
                        "tainted": false
                    },
                    "deposed": [],
                    "provider": "provider.openstack"
                },
                "openstack_compute_volume_attach_v2.attachedtotrident": {
                    "type": "openstack_compute_volume_attach_v2",
                    "depends_on": [
                        "openstack_blockstorage_volume_v2.gluster_1",
                        "openstack_compute_instance_v2.trident"
                    ],
                    "primary": {
                        "id": "ed7953b0-d7fa-413b-8d3a-1cd8ed503785/1459f661-4d65-4af6-a0a4-94762ae15e5e",
                        "attributes": {
                            "device": "/dev/vdb",
                            "id": "ed7953b0-d7fa-413b-8d3a-1cd8ed503785/1459f661-4d65-4af6-a0a4-94762ae15e5e",
                            "instance_id": "ed7953b0-d7fa-413b-8d3a-1cd8ed503785",
                            "region": "RegionOne",
                            "volume_id": "1459f661-4d65-4af6-a0a4-94762ae15e5e"
                        },
                        "meta": {
                            "e2bfb730-ecaa-11e6-8f88-34363bc7c4c0": {
                                "create": 600000000000,
                                "delete": 600000000000
                            }
                        },
                        "tainted": false
                    },
                    "deposed": [],
                    "provider": "provider.openstack"
                }
            },
            "depends_on": []
        }
    ]
}
